// !$*UTF8*$!
{
	archiveVersion = 1;
	classes = {
	};
	objectVersion = 46;
	objects = {

/* Begin PBXBuildFile section */
		261DAB3C1F924D8100DA64FF /* libipc.dylib in Frameworks */ = {isa = PBXBuildFile; fileRef = 261DAB3B1F924D8100DA64FF /* libipc.dylib */; };
		268A6D311F91D05F000B6648 /* id_service.hpp in Headers */ = {isa = PBXBuildFile; fileRef = 268A6D301F91D05F000B6648 /* id_service.hpp */; };
		268A6D351F91D05F000B6648 /* id_service.cpp in Sources */ = {isa = PBXBuildFile; fileRef = 268A6D341F91D05F000B6648 /* id_service.cpp */; };
		268A6D3D1F91D0AE000B6648 /* libplugin.dylib in Frameworks */ = {isa = PBXBuildFile; fileRef = 268A6D3C1F91D0AE000B6648 /* libplugin.dylib */; };
		268A6D441F91DF67000B6648 /* liblib.dylib in Frameworks */ = {isa = PBXBuildFile; fileRef = 268A6D431F91DF67000B6648 /* liblib.dylib */; };
/* End PBXBuildFile section */

/* Begin PBXFileReference section */
		261DAB3B1F924D8100DA64FF /* libipc.dylib */ = {isa = PBXFileReference; lastKnownFileType = "compiled.mach-o.dylib"; name = libipc.dylib; path = "../../../../../Library/Developer/Xcode/DerivedData/xiangyun.kong-fhxpmrbzziekqfemvtednyksyvpq/Build/Products/Debug/libipc.dylib"; sourceTree = "<group>"; };
		268A6D2D1F91D05F000B6648 /* libid_service.dylib */ = {isa = PBXFileReference; explicitFileType = "compiled.mach-o.dylib"; includeInIndex = 0; path = libid_service.dylib; sourceTree = BUILT_PRODUCTS_DIR; };
		268A6D301F91D05F000B6648 /* id_service.hpp */ = {isa = PBXFileReference; lastKnownFileType = sourcecode.cpp.h; path = id_service.hpp; sourceTree = "<group>"; };
		268A6D341F91D05F000B6648 /* id_service.cpp */ = {isa = PBXFileReference; lastKnownFileType = sourcecode.cpp.cpp; path = id_service.cpp; sourceTree = "<group>"; };
		268A6D3C1F91D0AE000B6648 /* libplugin.dylib */ = {isa = PBXFileReference; lastKnownFileType = "compiled.mach-o.dylib"; name = libplugin.dylib; path = "../../../../../Library/Developer/Xcode/DerivedData/xiangyun.kong-fhxpmrbzziekqfemvtednyksyvpq/Build/Products/Debug/libplugin.dylib"; sourceTree = "<group>"; };
		268A6D411F91DD11000B6648 /* exe_get_cur_guid.hpp */ = {isa = PBXFileReference; lastKnownFileType = sourcecode.cpp.h; name = exe_get_cur_guid.hpp; path = executor/exe_get_cur_guid.hpp; sourceTree = "<group>"; };
		268A6D421F91DD2D000B6648 /* exe_fetch_add_guid.hpp */ = {isa = PBXFileReference; lastKnownFileType = sourcecode.cpp.h; name = exe_fetch_add_guid.hpp; path = executor/exe_fetch_add_guid.hpp; sourceTree = "<group>"; };
		268A6D431F91DF67000B6648 /* liblib.dylib */ = {isa = PBXFileReference; lastKnownFileType = "compiled.mach-o.dylib"; name = liblib.dylib; path = "../../../../../Library/Developer/Xcode/DerivedData/xiangyun.kong-fhxpmrbzziekqfemvtednyksyvpq/Build/Products/Debug/liblib.dylib"; sourceTree = "<group>"; };
		268A6D6B1F92009D000B6648 /* trigger_set_guid.hpp */ = {isa = PBXFileReference; lastKnownFileType = sourcecode.cpp.h; name = trigger_set_guid.hpp; path = trigger/trigger_set_guid.hpp; sourceTree = "<group>"; };
		AD620C171F9A81B500F39E20 /* exe_fetch_add_guid_bench.hpp */ = {isa = PBXFileReference; lastKnownFileType = sourcecode.cpp.h; name = exe_fetch_add_guid_bench.hpp; path = executor/exe_fetch_add_guid_bench.hpp; sourceTree = "<group>"; };
/* End PBXFileReference section */

/* Begin PBXFrameworksBuildPhase section */
		268A6D2A1F91D05F000B6648 /* Frameworks */ = {
			isa = PBXFrameworksBuildPhase;
			buildActionMask = 2147483647;
			files = (
				261DAB3C1F924D8100DA64FF /* libipc.dylib in Frameworks */,
				268A6D441F91DF67000B6648 /* liblib.dylib in Frameworks */,
				268A6D3D1F91D0AE000B6648 /* libplugin.dylib in Frameworks */,
			);
			runOnlyForDeploymentPostprocessing = 0;
		};
/* End PBXFrameworksBuildPhase section */

/* Begin PBXGroup section */
		268A6D241F91D05F000B6648 = {
			isa = PBXGroup;
			children = (
				268A6D2F1F91D05F000B6648 /* id_service */,
				268A6D2E1F91D05F000B6648 /* Products */,
				268A6D3B1F91D0AD000B6648 /* Frameworks */,
			);
			sourceTree = "<group>";
		};
		268A6D2E1F91D05F000B6648 /* Products */ = {
			isa = PBXGroup;
			children = (
				268A6D2D1F91D05F000B6648 /* libid_service.dylib */,
			);
			name = Products;
			sourceTree = "<group>";
		};
		268A6D2F1F91D05F000B6648 /* id_service */ = {
			isa = PBXGroup;
			children = (
				268A6D6A1F92005E000B6648 /* trigger */,
				268A6D3F1F91DC0E000B6648 /* executor */,
				268A6D301F91D05F000B6648 /* id_service.hpp */,
				268A6D341F91D05F000B6648 /* id_service.cpp */,
			);
			path = id_service;
			sourceTree = "<group>";
		};
		268A6D3B1F91D0AD000B6648 /* Frameworks */ = {
			isa = PBXGroup;
			children = (
				261DAB3B1F924D8100DA64FF /* libipc.dylib */,
				268A6D431F91DF67000B6648 /* liblib.dylib */,
				268A6D3C1F91D0AE000B6648 /* libplugin.dylib */,
			);
			name = Frameworks;
			sourceTree = "<group>";
		};
		268A6D3F1F91DC0E000B6648 /* executor */ = {
			isa = PBXGroup;
			children = (
				268A6D411F91DD11000B6648 /* exe_get_cur_guid.hpp */,
				268A6D421F91DD2D000B6648 /* exe_fetch_add_guid.hpp */,
				AD620C171F9A81B500F39E20 /* exe_fetch_add_guid_bench.hpp */,
			);
			name = executor;
			sourceTree = "<group>";
		};
		268A6D6A1F92005E000B6648 /* trigger */ = {
			isa = PBXGroup;
			children = (
				268A6D6B1F92009D000B6648 /* trigger_set_guid.hpp */,
			);
			name = trigger;
			sourceTree = "<group>";
		};
/* End PBXGroup section */

/* Begin PBXHeadersBuildPhase section */
		268A6D2B1F91D05F000B6648 /* Headers */ = {
			isa = PBXHeadersBuildPhase;
			buildActionMask = 2147483647;
			files = (
				268A6D311F91D05F000B6648 /* id_service.hpp in Headers */,
			);
			runOnlyForDeploymentPostprocessing = 0;
		};
/* End PBXHeadersBuildPhase section */

/* Begin PBXNativeTarget section */
		268A6D2C1F91D05F000B6648 /* id_service */ = {
			isa = PBXNativeTarget;
			buildConfigurationList = 268A6D381F91D05F000B6648 /* Build configuration list for PBXNativeTarget "id_service" */;
			buildPhases = (
				268A6D291F91D05F000B6648 /* Sources */,
				268A6D2A1F91D05F000B6648 /* Frameworks */,
				268A6D2B1F91D05F000B6648 /* Headers */,
			);
			buildRules = (
			);
			dependencies = (
			);
			name = id_service;
			productName = id_service;
			productReference = 268A6D2D1F91D05F000B6648 /* libid_service.dylib */;
			productType = "com.apple.product-type.library.dynamic";
		};
/* End PBXNativeTarget section */

/* Begin PBXProject section */
		268A6D251F91D05F000B6648 /* Project object */ = {
			isa = PBXProject;
			attributes = {
				LastUpgradeCheck = 0830;
				ORGANIZATIONNAME = "孔祥云";
				TargetAttributes = {
					268A6D2C1F91D05F000B6648 = {
						CreatedOnToolsVersion = 8.3.3;
						DevelopmentTeam = V26S23V64D;
						ProvisioningStyle = Automatic;
					};
				};
			};
			buildConfigurationList = 268A6D281F91D05F000B6648 /* Build configuration list for PBXProject "id_service" */;
			compatibilityVersion = "Xcode 3.2";
			developmentRegion = English;
			hasScannedForEncodings = 0;
			knownRegions = (
				en,
			);
			mainGroup = 268A6D241F91D05F000B6648;
			productRefGroup = 268A6D2E1F91D05F000B6648 /* Products */;
			projectDirPath = "";
			projectRoot = "";
			targets = (
				268A6D2C1F91D05F000B6648 /* id_service */,
			);
		};
/* End PBXProject section */

/* Begin PBXSourcesBuildPhase section */
		268A6D291F91D05F000B6648 /* Sources */ = {
			isa = PBXSourcesBuildPhase;
			buildActionMask = 2147483647;
			files = (
				268A6D351F91D05F000B6648 /* id_service.cpp in Sources */,
			);
			runOnlyForDeploymentPostprocessing = 0;
		};
/* End PBXSourcesBuildPhase section */

/* Begin XCBuildConfiguration section */
		268A6D361F91D05F000B6648 /* Debug */ = {
			isa = XCBuildConfiguration;
			buildSettings = {
				ALWAYS_SEARCH_USER_PATHS = NO;
				CLANG_ANALYZER_NONNULL = YES;
				CLANG_ANALYZER_NUMBER_OBJECT_CONVERSION = YES_AGGRESSIVE;
				CLANG_CXX_LANGUAGE_STANDARD = "gnu++0x";
				CLANG_CXX_LIBRARY = "libc++";
				CLANG_ENABLE_MODULES = YES;
				CLANG_ENABLE_OBJC_ARC = YES;
				CLANG_WARN_BOOL_CONVERSION = YES;
				CLANG_WARN_CONSTANT_CONVERSION = YES;
				CLANG_WARN_DIRECT_OBJC_ISA_USAGE = YES_ERROR;
				CLANG_WARN_DOCUMENTATION_COMMENTS = YES;
				CLANG_WARN_EMPTY_BODY = YES;
				CLANG_WARN_ENUM_CONVERSION = YES;
				CLANG_WARN_INFINITE_RECURSION = YES;
				CLANG_WARN_INT_CONVERSION = YES;
				CLANG_WARN_OBJC_ROOT_CLASS = YES_ERROR;
				CLANG_WARN_SUSPICIOUS_MOVE = YES;
				CLANG_WARN_UNREACHABLE_CODE = YES;
				CLANG_WARN__DUPLICATE_METHOD_MATCH = YES;
				CODE_SIGN_IDENTITY = "-";
				COPY_PHASE_STRIP = NO;
				DEBUG_INFORMATION_FORMAT = dwarf;
				ENABLE_STRICT_OBJC_MSGSEND = YES;
				ENABLE_TESTABILITY = YES;
				GCC_C_LANGUAGE_STANDARD = gnu99;
				GCC_DYNAMIC_NO_PIC = NO;
				GCC_NO_COMMON_BLOCKS = YES;
				GCC_OPTIMIZATION_LEVEL = 0;
				GCC_PREPROCESSOR_DEFINITIONS = (
					"DEBUG=1",
					"$(inherited)",
				);
				GCC_WARN_64_TO_32_BIT_CONVERSION = YES;
				GCC_WARN_ABOUT_RETURN_TYPE = YES_ERROR;
				GCC_WARN_UNDECLARED_SELECTOR = YES;
				GCC_WARN_UNINITIALIZED_AUTOS = YES_AGGRESSIVE;
				GCC_WARN_UNUSED_FUNCTION = YES;
				GCC_WARN_UNUSED_VARIABLE = YES;
				MACOSX_DEPLOYMENT_TARGET = 10.12;
				MTL_ENABLE_DEBUG_INFO = YES;
				ONLY_ACTIVE_ARCH = YES;
				SDKROOT = macosx;
			};
			name = Debug;
		};
		268A6D371F91D05F000B6648 /* Release */ = {
			isa = XCBuildConfiguration;
			buildSettings = {
				ALWAYS_SEARCH_USER_PATHS = NO;
				CLANG_ANALYZER_NONNULL = YES;
				CLANG_ANALYZER_NUMBER_OBJECT_CONVERSION = YES_AGGRESSIVE;
				CLANG_CXX_LANGUAGE_STANDARD = "gnu++0x";
				CLANG_CXX_LIBRARY = "libc++";
				CLANG_ENABLE_MODULES = YES;
				CLANG_ENABLE_OBJC_ARC = YES;
				CLANG_WARN_BOOL_CONVERSION = YES;
				CLANG_WARN_CONSTANT_CONVERSION = YES;
				CLANG_WARN_DIRECT_OBJC_ISA_USAGE = YES_ERROR;
				CLANG_WARN_DOCUMENTATION_COMMENTS = YES;
				CLANG_WARN_EMPTY_BODY = YES;
				CLANG_WARN_ENUM_CONVERSION = YES;
				CLANG_WARN_INFINITE_RECURSION = YES;
				CLANG_WARN_INT_CONVERSION = YES;
				CLANG_WARN_OBJC_ROOT_CLASS = YES_ERROR;
				CLANG_WARN_SUSPICIOUS_MOVE = YES;
				CLANG_WARN_UNREACHABLE_CODE = YES;
				CLANG_WARN__DUPLICATE_METHOD_MATCH = YES;
				CODE_SIGN_IDENTITY = "-";
				COPY_PHASE_STRIP = NO;
				DEBUG_INFORMATION_FORMAT = "dwarf-with-dsym";
				ENABLE_NS_ASSERTIONS = NO;
				ENABLE_STRICT_OBJC_MSGSEND = YES;
				GCC_C_LANGUAGE_STANDARD = gnu99;
				GCC_NO_COMMON_BLOCKS = YES;
				GCC_WARN_64_TO_32_BIT_CONVERSION = YES;
				GCC_WARN_ABOUT_RETURN_TYPE = YES_ERROR;
				GCC_WARN_UNDECLARED_SELECTOR = YES;
				GCC_WARN_UNINITIALIZED_AUTOS = YES_AGGRESSIVE;
				GCC_WARN_UNUSED_FUNCTION = YES;
				GCC_WARN_UNUSED_VARIABLE = YES;
				MACOSX_DEPLOYMENT_TARGET = 10.12;
				MTL_ENABLE_DEBUG_INFO = NO;
				SDKROOT = macosx;
			};
			name = Release;
		};
		268A6D391F91D05F000B6648 /* Debug */ = {
			isa = XCBuildConfiguration;
			buildSettings = {
				DEVELOPMENT_TEAM = V26S23V64D;
				DYLIB_COMPATIBILITY_VERSION = 1;
				DYLIB_CURRENT_VERSION = 1;
				EXECUTABLE_PREFIX = lib;
				GCC_ENABLE_CPP_EXCEPTIONS = YES;
				GCC_ENABLE_CPP_RTTI = NO;
				GCC_SYMBOLS_PRIVATE_EXTERN = NO;
				HEADER_SEARCH_PATHS = (
					"$(SRCROOT)",
					"$(SRCROOT)/../plugin",
					"$(SRCROOT)/../lib",
					"$(SRCROOT)/../include",
				);
				PRODUCT_NAME = "$(TARGET_NAME)";
			};
			name = Debug;
		};
		268A6D3A1F91D05F000B6648 /* Release */ = {
			isa = XCBuildConfiguration;
			buildSettings = {
				DEVELOPMENT_TEAM = V26S23V64D;
				DYLIB_COMPATIBILITY_VERSION = 1;
				DYLIB_CURRENT_VERSION = 1;
				EXECUTABLE_PREFIX = lib;
				GCC_ENABLE_CPP_EXCEPTIONS = YES;
				GCC_ENABLE_CPP_RTTI = NO;
				GCC_SYMBOLS_PRIVATE_EXTERN = NO;
				HEADER_SEARCH_PATHS = (
					"$(SRCROOT)",
					"$(SRCROOT)/../plugin",
					"$(SRCROOT)/../lib",
					"$(SRCROOT)/../include",
				);
				PRODUCT_NAME = "$(TARGET_NAME)";
			};
			name = Release;
		};
/* End XCBuildConfiguration section */

/* Begin XCConfigurationList section */
		268A6D281F91D05F000B6648 /* Build configuration list for PBXProject "id_service" */ = {
			isa = XCConfigurationList;
			buildConfigurations = (
				268A6D361F91D05F000B6648 /* Debug */,
				268A6D371F91D05F000B6648 /* Release */,
			);
			defaultConfigurationIsVisible = 0;
			defaultConfigurationName = Release;
		};
		268A6D381F91D05F000B6648 /* Build configuration list for PBXNativeTarget "id_service" */ = {
			isa = XCConfigurationList;
			buildConfigurations = (
				268A6D391F91D05F000B6648 /* Debug */,
				268A6D3A1F91D05F000B6648 /* Release */,
			);
			defaultConfigurationIsVisible = 0;
			defaultConfigurationName = Release;
		};
/* End XCConfigurationList section */
	};
	rootObject = 268A6D251F91D05F000B6648 /* Project object */;
}
