// !$*UTF8*$!
{
	archiveVersion = 1;
	classes = {
	};
	objectVersion = 46;
	objects = {

/* Begin PBXBuildFile section */
		26DEF1BE201DFD8D006AF4D8 /* main.cpp in Sources */ = {isa = PBXBuildFile; fileRef = 26DEF1BD201DFD8D006AF4D8 /* main.cpp */; };
		26DEF1C7201DFDCF006AF4D8 /* fsin.cpp in Sources */ = {isa = PBXBuildFile; fileRef = 26DEF1C5201DFDCF006AF4D8 /* fsin.cpp */; };
		26DEF1CA201DFF63006AF4D8 /* sinfit.cpp in Sources */ = {isa = PBXBuildFile; fileRef = 26DEF1C8201DFF63006AF4D8 /* sinfit.cpp */; };
		26DEF1CD201E016C006AF4D8 /* sinfit_training.cpp in Sources */ = {isa = PBXBuildFile; fileRef = 26DEF1CB201E016C006AF4D8 /* sinfit_training.cpp */; };
/* End PBXBuildFile section */

/* Begin PBXCopyFilesBuildPhase section */
		26DEF1B8201DFD8D006AF4D8 /* CopyFiles */ = {
			isa = PBXCopyFilesBuildPhase;
			buildActionMask = 2147483647;
			dstPath = /usr/share/man/man1/;
			dstSubfolderSpec = 0;
			files = (
			);
			runOnlyForDeploymentPostprocessing = 1;
		};
/* End PBXCopyFilesBuildPhase section */

/* Begin PBXFileReference section */
		26DEF1BA201DFD8D006AF4D8 /* curvefitting */ = {isa = PBXFileReference; explicitFileType = "compiled.mach-o.executable"; includeInIndex = 0; path = curvefitting; sourceTree = BUILT_PRODUCTS_DIR; };
		26DEF1BD201DFD8D006AF4D8 /* main.cpp */ = {isa = PBXFileReference; lastKnownFileType = sourcecode.cpp.cpp; path = main.cpp; sourceTree = "<group>"; };
		26DEF1C5201DFDCF006AF4D8 /* fsin.cpp */ = {isa = PBXFileReference; fileEncoding = 4; lastKnownFileType = sourcecode.cpp.cpp; name = fsin.cpp; path = sin/fsin.cpp; sourceTree = "<group>"; };
		26DEF1C6201DFDCF006AF4D8 /* fsin.hpp */ = {isa = PBXFileReference; fileEncoding = 4; lastKnownFileType = sourcecode.cpp.h; name = fsin.hpp; path = sin/fsin.hpp; sourceTree = "<group>"; };
		26DEF1C8201DFF63006AF4D8 /* sinfit.cpp */ = {isa = PBXFileReference; fileEncoding = 4; lastKnownFileType = sourcecode.cpp.cpp; name = sinfit.cpp; path = sin/sinfit.cpp; sourceTree = "<group>"; };
		26DEF1C9201DFF63006AF4D8 /* sinfit.hpp */ = {isa = PBXFileReference; fileEncoding = 4; lastKnownFileType = sourcecode.cpp.h; name = sinfit.hpp; path = sin/sinfit.hpp; sourceTree = "<group>"; };
		26DEF1CB201E016C006AF4D8 /* sinfit_training.cpp */ = {isa = PBXFileReference; fileEncoding = 4; lastKnownFileType = sourcecode.cpp.cpp; name = sinfit_training.cpp; path = sin/sinfit_training.cpp; sourceTree = "<group>"; };
		26DEF1CC201E016C006AF4D8 /* sinfit_training.hpp */ = {isa = PBXFileReference; fileEncoding = 4; lastKnownFileType = sourcecode.cpp.h; name = sinfit_training.hpp; path = sin/sinfit_training.hpp; sourceTree = "<group>"; };
/* End PBXFileReference section */

/* Begin PBXFrameworksBuildPhase section */
		26DEF1B7201DFD8D006AF4D8 /* Frameworks */ = {
			isa = PBXFrameworksBuildPhase;
			buildActionMask = 2147483647;
			files = (
			);
			runOnlyForDeploymentPostprocessing = 0;
		};
/* End PBXFrameworksBuildPhase section */

/* Begin PBXGroup section */
		26DEF1B1201DFD8D006AF4D8 = {
			isa = PBXGroup;
			children = (
				26DEF1BC201DFD8D006AF4D8 /* curvefitting */,
				26DEF1BB201DFD8D006AF4D8 /* Products */,
			);
			sourceTree = "<group>";
		};
		26DEF1BB201DFD8D006AF4D8 /* Products */ = {
			isa = PBXGroup;
			children = (
				26DEF1BA201DFD8D006AF4D8 /* curvefitting */,
			);
			name = Products;
			sourceTree = "<group>";
		};
		26DEF1BC201DFD8D006AF4D8 /* curvefitting */ = {
			isa = PBXGroup;
			children = (
				26DEF1C4201DFDA8006AF4D8 /* sin */,
				26DEF1BD201DFD8D006AF4D8 /* main.cpp */,
			);
			path = curvefitting;
			sourceTree = "<group>";
		};
		26DEF1C4201DFDA8006AF4D8 /* sin */ = {
			isa = PBXGroup;
			children = (
				26DEF1C5201DFDCF006AF4D8 /* fsin.cpp */,
				26DEF1C6201DFDCF006AF4D8 /* fsin.hpp */,
				26DEF1C8201DFF63006AF4D8 /* sinfit.cpp */,
				26DEF1C9201DFF63006AF4D8 /* sinfit.hpp */,
				26DEF1CB201E016C006AF4D8 /* sinfit_training.cpp */,
				26DEF1CC201E016C006AF4D8 /* sinfit_training.hpp */,
			);
			name = sin;
			sourceTree = "<group>";
		};
/* End PBXGroup section */

/* Begin PBXNativeTarget section */
		26DEF1B9201DFD8D006AF4D8 /* curvefitting */ = {
			isa = PBXNativeTarget;
			buildConfigurationList = 26DEF1C1201DFD8D006AF4D8 /* Build configuration list for PBXNativeTarget "curvefitting" */;
			buildPhases = (
				26DEF1B6201DFD8D006AF4D8 /* Sources */,
				26DEF1B7201DFD8D006AF4D8 /* Frameworks */,
				26DEF1B8201DFD8D006AF4D8 /* CopyFiles */,
			);
			buildRules = (
			);
			dependencies = (
			);
			name = curvefitting;
			productName = curvefitting;
			productReference = 26DEF1BA201DFD8D006AF4D8 /* curvefitting */;
			productType = "com.apple.product-type.tool";
		};
/* End PBXNativeTarget section */

/* Begin PBXProject section */
		26DEF1B2201DFD8D006AF4D8 /* Project object */ = {
			isa = PBXProject;
			attributes = {
				LastUpgradeCheck = 0830;
				ORGANIZATIONNAME = "孔祥云";
				TargetAttributes = {
					26DEF1B9201DFD8D006AF4D8 = {
						CreatedOnToolsVersion = 8.3.3;
						DevelopmentTeam = V26S23V64D;
						ProvisioningStyle = Automatic;
					};
				};
			};
			buildConfigurationList = 26DEF1B5201DFD8D006AF4D8 /* Build configuration list for PBXProject "curvefitting" */;
			compatibilityVersion = "Xcode 3.2";
			developmentRegion = English;
			hasScannedForEncodings = 0;
			knownRegions = (
				en,
			);
			mainGroup = 26DEF1B1201DFD8D006AF4D8;
			productRefGroup = 26DEF1BB201DFD8D006AF4D8 /* Products */;
			projectDirPath = "";
			projectRoot = "";
			targets = (
				26DEF1B9201DFD8D006AF4D8 /* curvefitting */,
			);
		};
/* End PBXProject section */

/* Begin PBXSourcesBuildPhase section */
		26DEF1B6201DFD8D006AF4D8 /* Sources */ = {
			isa = PBXSourcesBuildPhase;
			buildActionMask = 2147483647;
			files = (
				26DEF1CD201E016C006AF4D8 /* sinfit_training.cpp in Sources */,
				26DEF1CA201DFF63006AF4D8 /* sinfit.cpp in Sources */,
				26DEF1BE201DFD8D006AF4D8 /* main.cpp in Sources */,
				26DEF1C7201DFDCF006AF4D8 /* fsin.cpp in Sources */,
			);
			runOnlyForDeploymentPostprocessing = 0;
		};
/* End PBXSourcesBuildPhase section */

/* Begin XCBuildConfiguration section */
		26DEF1BF201DFD8D006AF4D8 /* Debug */ = {
			isa = XCBuildConfiguration;
			buildSettings = {
				ALWAYS_SEARCH_USER_PATHS = NO;
				CLANG_ANALYZER_NONNULL = YES;
				CLANG_ANALYZER_NUMBER_OBJECT_CONVERSION = YES_AGGRESSIVE;
				CLANG_CXX_LANGUAGE_STANDARD = "gnu++0x";
				CLANG_CXX_LIBRARY = "libc++";
				CLANG_ENABLE_MODULES = YES;
				CLANG_ENABLE_OBJC_ARC = YES;
				CLANG_WARN_BOOL_CONVERSION = YES;
				CLANG_WARN_CONSTANT_CONVERSION = YES;
				CLANG_WARN_DIRECT_OBJC_ISA_USAGE = YES_ERROR;
				CLANG_WARN_DOCUMENTATION_COMMENTS = YES;
				CLANG_WARN_EMPTY_BODY = YES;
				CLANG_WARN_ENUM_CONVERSION = YES;
				CLANG_WARN_INFINITE_RECURSION = YES;
				CLANG_WARN_INT_CONVERSION = YES;
				CLANG_WARN_OBJC_ROOT_CLASS = YES_ERROR;
				CLANG_WARN_SUSPICIOUS_MOVE = YES;
				CLANG_WARN_UNREACHABLE_CODE = YES;
				CLANG_WARN__DUPLICATE_METHOD_MATCH = YES;
				CODE_SIGN_IDENTITY = "-";
				COPY_PHASE_STRIP = NO;
				DEBUG_INFORMATION_FORMAT = dwarf;
				ENABLE_STRICT_OBJC_MSGSEND = YES;
				ENABLE_TESTABILITY = YES;
				GCC_C_LANGUAGE_STANDARD = gnu99;
				GCC_DYNAMIC_NO_PIC = NO;
				GCC_NO_COMMON_BLOCKS = YES;
				GCC_OPTIMIZATION_LEVEL = 0;
				GCC_PREPROCESSOR_DEFINITIONS = (
					"DEBUG=1",
					"$(inherited)",
				);
				GCC_WARN_64_TO_32_BIT_CONVERSION = YES;
				GCC_WARN_ABOUT_RETURN_TYPE = YES_ERROR;
				GCC_WARN_UNDECLARED_SELECTOR = YES;
				GCC_WARN_UNINITIALIZED_AUTOS = YES_AGGRESSIVE;
				GCC_WARN_UNUSED_FUNCTION = YES;
				GCC_WARN_UNUSED_VARIABLE = YES;
				MACOSX_DEPLOYMENT_TARGET = 10.12;
				MTL_ENABLE_DEBUG_INFO = YES;
				ONLY_ACTIVE_ARCH = YES;
				SDKROOT = macosx;
			};
			name = Debug;
		};
		26DEF1C0201DFD8D006AF4D8 /* Release */ = {
			isa = XCBuildConfiguration;
			buildSettings = {
				ALWAYS_SEARCH_USER_PATHS = NO;
				CLANG_ANALYZER_NONNULL = YES;
				CLANG_ANALYZER_NUMBER_OBJECT_CONVERSION = YES_AGGRESSIVE;
				CLANG_CXX_LANGUAGE_STANDARD = "gnu++0x";
				CLANG_CXX_LIBRARY = "libc++";
				CLANG_ENABLE_MODULES = YES;
				CLANG_ENABLE_OBJC_ARC = YES;
				CLANG_WARN_BOOL_CONVERSION = YES;
				CLANG_WARN_CONSTANT_CONVERSION = YES;
				CLANG_WARN_DIRECT_OBJC_ISA_USAGE = YES_ERROR;
				CLANG_WARN_DOCUMENTATION_COMMENTS = YES;
				CLANG_WARN_EMPTY_BODY = YES;
				CLANG_WARN_ENUM_CONVERSION = YES;
				CLANG_WARN_INFINITE_RECURSION = YES;
				CLANG_WARN_INT_CONVERSION = YES;
				CLANG_WARN_OBJC_ROOT_CLASS = YES_ERROR;
				CLANG_WARN_SUSPICIOUS_MOVE = YES;
				CLANG_WARN_UNREACHABLE_CODE = YES;
				CLANG_WARN__DUPLICATE_METHOD_MATCH = YES;
				CODE_SIGN_IDENTITY = "-";
				COPY_PHASE_STRIP = NO;
				DEBUG_INFORMATION_FORMAT = "dwarf-with-dsym";
				ENABLE_NS_ASSERTIONS = NO;
				ENABLE_STRICT_OBJC_MSGSEND = YES;
				GCC_C_LANGUAGE_STANDARD = gnu99;
				GCC_NO_COMMON_BLOCKS = YES;
				GCC_WARN_64_TO_32_BIT_CONVERSION = YES;
				GCC_WARN_ABOUT_RETURN_TYPE = YES_ERROR;
				GCC_WARN_UNDECLARED_SELECTOR = YES;
				GCC_WARN_UNINITIALIZED_AUTOS = YES_AGGRESSIVE;
				GCC_WARN_UNUSED_FUNCTION = YES;
				GCC_WARN_UNUSED_VARIABLE = YES;
				MACOSX_DEPLOYMENT_TARGET = 10.12;
				MTL_ENABLE_DEBUG_INFO = NO;
				SDKROOT = macosx;
			};
			name = Release;
		};
		26DEF1C2201DFD8D006AF4D8 /* Debug */ = {
			isa = XCBuildConfiguration;
			buildSettings = {
				DEVELOPMENT_TEAM = V26S23V64D;
				PRODUCT_NAME = "$(TARGET_NAME)";
			};
			name = Debug;
		};
		26DEF1C3201DFD8D006AF4D8 /* Release */ = {
			isa = XCBuildConfiguration;
			buildSettings = {
				DEVELOPMENT_TEAM = V26S23V64D;
				PRODUCT_NAME = "$(TARGET_NAME)";
			};
			name = Release;
		};
/* End XCBuildConfiguration section */

/* Begin XCConfigurationList section */
		26DEF1B5201DFD8D006AF4D8 /* Build configuration list for PBXProject "curvefitting" */ = {
			isa = XCConfigurationList;
			buildConfigurations = (
				26DEF1BF201DFD8D006AF4D8 /* Debug */,
				26DEF1C0201DFD8D006AF4D8 /* Release */,
			);
			defaultConfigurationIsVisible = 0;
			defaultConfigurationName = Release;
		};
		26DEF1C1201DFD8D006AF4D8 /* Build configuration list for PBXNativeTarget "curvefitting" */ = {
			isa = XCConfigurationList;
			buildConfigurations = (
				26DEF1C2201DFD8D006AF4D8 /* Debug */,
				26DEF1C3201DFD8D006AF4D8 /* Release */,
			);
			defaultConfigurationIsVisible = 0;
		};
/* End XCConfigurationList section */
	};
	rootObject = 26DEF1B2201DFD8D006AF4D8 /* Project object */;
}
