// !$*UTF8*$!
{
	archiveVersion = 1;
	classes = {
	};
	objectVersion = 46;
	objects = {

/* Begin PBXBuildFile section */
		26036D231E0E83DE005D4D02 /* libplugin.dylib in Frameworks */ = {isa = PBXBuildFile; fileRef = 26036D221E0E83DE005D4D02 /* libplugin.dylib */; };
		261FB7221F9B8450008C34CA /* libcommon.dylib in Frameworks */ = {isa = PBXBuildFile; fileRef = 261FB7211F9B8450008C34CA /* libcommon.dylib */; };
		AD593E0F1FA4CEAC00939767 /* exe_load_plugin.hpp in Headers */ = {isa = PBXBuildFile; fileRef = AD593E0B1FA4CEAC00939767 /* exe_load_plugin.hpp */; };
		AD593E101FA4CEAC00939767 /* exe_start_framework.hpp in Headers */ = {isa = PBXBuildFile; fileRef = AD593E0C1FA4CEAC00939767 /* exe_start_framework.hpp */; };
		AD593E111FA4CEAC00939767 /* exe_stop_framework.hpp in Headers */ = {isa = PBXBuildFile; fileRef = AD593E0D1FA4CEAC00939767 /* exe_stop_framework.hpp */; };
		AD593E121FA4CEAC00939767 /* exe_unload_plugin.hpp in Headers */ = {isa = PBXBuildFile; fileRef = AD593E0E1FA4CEAC00939767 /* exe_unload_plugin.hpp */; };
		AD5F03D11F94F535002742B9 /* lifecycle.cpp in Sources */ = {isa = PBXBuildFile; fileRef = AD5F03CF1F94F535002742B9 /* lifecycle.cpp */; };
		AD5F03D21F94F535002742B9 /* lifecycle.hpp in Headers */ = {isa = PBXBuildFile; fileRef = AD5F03D01F94F535002742B9 /* lifecycle.hpp */; };
		AD5F03D51F94F565002742B9 /* loader.cpp in Sources */ = {isa = PBXBuildFile; fileRef = AD5F03D31F94F565002742B9 /* loader.cpp */; };
		AD5F03D61F94F565002742B9 /* loader.hpp in Headers */ = {isa = PBXBuildFile; fileRef = AD5F03D41F94F565002742B9 /* loader.hpp */; };
		AD5F04021F9501DF002742B9 /* liblib.dylib in Frameworks */ = {isa = PBXBuildFile; fileRef = AD5F04011F9501DF002742B9 /* liblib.dylib */; };
		AD5F04051F9501FD002742B9 /* libipc.dylib in Frameworks */ = {isa = PBXBuildFile; fileRef = AD5F04031F9501E5002742B9 /* libipc.dylib */; };
/* End PBXBuildFile section */

/* Begin PBXFileReference section */
		26036D221E0E83DE005D4D02 /* libplugin.dylib */ = {isa = PBXFileReference; lastKnownFileType = "compiled.mach-o.dylib"; name = libplugin.dylib; path = "../../../../Library/Developer/Xcode/DerivedData/xiangyun.kong-auhvnlcmvrvvdbddscrdalymuxic/Build/Products/Debug/libplugin.dylib"; sourceTree = "<group>"; };
		261FB7211F9B8450008C34CA /* libcommon.dylib */ = {isa = PBXFileReference; lastKnownFileType = "compiled.mach-o.dylib"; name = libcommon.dylib; path = "../../../../../Library/Developer/Xcode/DerivedData/xiangyun.kong-fhxpmrbzziekqfemvtednyksyvpq/Build/Products/Debug/libcommon.dylib"; sourceTree = "<group>"; };
		26784DF91E003A9700FCE82B /* liblifecycle.dylib */ = {isa = PBXFileReference; explicitFileType = "compiled.mach-o.dylib"; includeInIndex = 0; path = liblifecycle.dylib; sourceTree = BUILT_PRODUCTS_DIR; };
		AD593E0B1FA4CEAC00939767 /* exe_load_plugin.hpp */ = {isa = PBXFileReference; fileEncoding = 4; lastKnownFileType = sourcecode.cpp.h; name = exe_load_plugin.hpp; path = lifecycle/executor/exe_load_plugin.hpp; sourceTree = "<group>"; };
		AD593E0C1FA4CEAC00939767 /* exe_start_framework.hpp */ = {isa = PBXFileReference; fileEncoding = 4; lastKnownFileType = sourcecode.cpp.h; name = exe_start_framework.hpp; path = lifecycle/executor/exe_start_framework.hpp; sourceTree = "<group>"; };
		AD593E0D1FA4CEAC00939767 /* exe_stop_framework.hpp */ = {isa = PBXFileReference; fileEncoding = 4; lastKnownFileType = sourcecode.cpp.h; name = exe_stop_framework.hpp; path = lifecycle/executor/exe_stop_framework.hpp; sourceTree = "<group>"; };
		AD593E0E1FA4CEAC00939767 /* exe_unload_plugin.hpp */ = {isa = PBXFileReference; fileEncoding = 4; lastKnownFileType = sourcecode.cpp.h; name = exe_unload_plugin.hpp; path = lifecycle/executor/exe_unload_plugin.hpp; sourceTree = "<group>"; };
		AD5F03CF1F94F535002742B9 /* lifecycle.cpp */ = {isa = PBXFileReference; fileEncoding = 4; lastKnownFileType = sourcecode.cpp.cpp; name = lifecycle.cpp; path = lifecycle/lifecycle.cpp; sourceTree = "<group>"; };
		AD5F03D01F94F535002742B9 /* lifecycle.hpp */ = {isa = PBXFileReference; fileEncoding = 4; lastKnownFileType = sourcecode.cpp.h; name = lifecycle.hpp; path = lifecycle/lifecycle.hpp; sourceTree = "<group>"; };
		AD5F03D31F94F565002742B9 /* loader.cpp */ = {isa = PBXFileReference; fileEncoding = 4; lastKnownFileType = sourcecode.cpp.cpp; name = loader.cpp; path = lifecycle/load/loader.cpp; sourceTree = "<group>"; };
		AD5F03D41F94F565002742B9 /* loader.hpp */ = {isa = PBXFileReference; fileEncoding = 4; lastKnownFileType = sourcecode.cpp.h; name = loader.hpp; path = lifecycle/load/loader.hpp; sourceTree = "<group>"; };
		AD5F04011F9501DF002742B9 /* liblib.dylib */ = {isa = PBXFileReference; lastKnownFileType = "compiled.mach-o.dylib"; name = liblib.dylib; path = "../../../../../Library/Developer/Xcode/DerivedData/xiangyun.kong-dumkzocnaldwwnavyrkilehtiwxv/Build/Products/Debug/liblib.dylib"; sourceTree = "<group>"; };
		AD5F04031F9501E5002742B9 /* libipc.dylib */ = {isa = PBXFileReference; lastKnownFileType = "compiled.mach-o.dylib"; name = libipc.dylib; path = "../../../../../Library/Developer/Xcode/DerivedData/xiangyun.kong-dumkzocnaldwwnavyrkilehtiwxv/Build/Products/Debug/libipc.dylib"; sourceTree = "<group>"; };
/* End PBXFileReference section */

/* Begin PBXFrameworksBuildPhase section */
		26784DF61E003A9700FCE82B /* Frameworks */ = {
			isa = PBXFrameworksBuildPhase;
			buildActionMask = 2147483647;
			files = (
				261FB7221F9B8450008C34CA /* libcommon.dylib in Frameworks */,
				AD5F04051F9501FD002742B9 /* libipc.dylib in Frameworks */,
				AD5F04021F9501DF002742B9 /* liblib.dylib in Frameworks */,
				26036D231E0E83DE005D4D02 /* libplugin.dylib in Frameworks */,
			);
			runOnlyForDeploymentPostprocessing = 0;
		};
/* End PBXFrameworksBuildPhase section */

/* Begin PBXGroup section */
		26036D211E0E83DE005D4D02 /* Frameworks */ = {
			isa = PBXGroup;
			children = (
				261FB7211F9B8450008C34CA /* libcommon.dylib */,
				AD5F04031F9501E5002742B9 /* libipc.dylib */,
				AD5F04011F9501DF002742B9 /* liblib.dylib */,
				26036D221E0E83DE005D4D02 /* libplugin.dylib */,
			);
			name = Frameworks;
			sourceTree = "<group>";
		};
		26036D2A1E0E88E9005D4D02 /* load */ = {
			isa = PBXGroup;
			children = (
				AD5F03D31F94F565002742B9 /* loader.cpp */,
				AD5F03D41F94F565002742B9 /* loader.hpp */,
			);
			name = load;
			sourceTree = "<group>";
		};
		26784DF01E003A9700FCE82B = {
			isa = PBXGroup;
			children = (
				26784E071E003B2400FCE82B /* lifecycle */,
				26784DFA1E003A9700FCE82B /* Products */,
				26036D211E0E83DE005D4D02 /* Frameworks */,
			);
			sourceTree = "<group>";
		};
		26784DFA1E003A9700FCE82B /* Products */ = {
			isa = PBXGroup;
			children = (
				26784DF91E003A9700FCE82B /* liblifecycle.dylib */,
			);
			name = Products;
			sourceTree = "<group>";
		};
		26784E071E003B2400FCE82B /* lifecycle */ = {
			isa = PBXGroup;
			children = (
				AD593E0A1FA4CE8E00939767 /* executor */,
				AD5F03CF1F94F535002742B9 /* lifecycle.cpp */,
				AD5F03D01F94F535002742B9 /* lifecycle.hpp */,
				26036D2A1E0E88E9005D4D02 /* load */,
			);
			name = lifecycle;
			sourceTree = "<group>";
		};
		AD593E0A1FA4CE8E00939767 /* executor */ = {
			isa = PBXGroup;
			children = (
				AD593E0B1FA4CEAC00939767 /* exe_load_plugin.hpp */,
				AD593E0C1FA4CEAC00939767 /* exe_start_framework.hpp */,
				AD593E0D1FA4CEAC00939767 /* exe_stop_framework.hpp */,
				AD593E0E1FA4CEAC00939767 /* exe_unload_plugin.hpp */,
			);
			name = executor;
			sourceTree = "<group>";
		};
/* End PBXGroup section */

/* Begin PBXHeadersBuildPhase section */
		26784DF71E003A9700FCE82B /* Headers */ = {
			isa = PBXHeadersBuildPhase;
			buildActionMask = 2147483647;
			files = (
				AD5F03D21F94F535002742B9 /* lifecycle.hpp in Headers */,
				AD593E101FA4CEAC00939767 /* exe_start_framework.hpp in Headers */,
				AD593E0F1FA4CEAC00939767 /* exe_load_plugin.hpp in Headers */,
				AD593E111FA4CEAC00939767 /* exe_stop_framework.hpp in Headers */,
				AD5F03D61F94F565002742B9 /* loader.hpp in Headers */,
				AD593E121FA4CEAC00939767 /* exe_unload_plugin.hpp in Headers */,
			);
			runOnlyForDeploymentPostprocessing = 0;
		};
/* End PBXHeadersBuildPhase section */

/* Begin PBXNativeTarget section */
		26784DF81E003A9700FCE82B /* lifecycle */ = {
			isa = PBXNativeTarget;
			buildConfigurationList = 26784E041E003A9700FCE82B /* Build configuration list for PBXNativeTarget "lifecycle" */;
			buildPhases = (
				26784DF51E003A9700FCE82B /* Sources */,
				26784DF61E003A9700FCE82B /* Frameworks */,
				26784DF71E003A9700FCE82B /* Headers */,
			);
			buildRules = (
			);
			dependencies = (
			);
			name = lifecycle;
			productName = lifecycle;
			productReference = 26784DF91E003A9700FCE82B /* liblifecycle.dylib */;
			productType = "com.apple.product-type.library.dynamic";
		};
/* End PBXNativeTarget section */

/* Begin PBXProject section */
		26784DF11E003A9700FCE82B /* Project object */ = {
			isa = PBXProject;
			attributes = {
				LastUpgradeCheck = 0820;
				ORGANIZATIONNAME = "孔祥云";
				TargetAttributes = {
					26784DF81E003A9700FCE82B = {
						CreatedOnToolsVersion = 8.1;
						DevelopmentTeam = V26S23V64D;
						ProvisioningStyle = Automatic;
					};
				};
			};
			buildConfigurationList = 26784DF41E003A9700FCE82B /* Build configuration list for PBXProject "lifecycle" */;
			compatibilityVersion = "Xcode 3.2";
			developmentRegion = English;
			hasScannedForEncodings = 0;
			knownRegions = (
				en,
			);
			mainGroup = 26784DF01E003A9700FCE82B;
			productRefGroup = 26784DFA1E003A9700FCE82B /* Products */;
			projectDirPath = "";
			projectRoot = "";
			targets = (
				26784DF81E003A9700FCE82B /* lifecycle */,
			);
		};
/* End PBXProject section */

/* Begin PBXSourcesBuildPhase section */
		26784DF51E003A9700FCE82B /* Sources */ = {
			isa = PBXSourcesBuildPhase;
			buildActionMask = 2147483647;
			files = (
				AD5F03D51F94F565002742B9 /* loader.cpp in Sources */,
				AD5F03D11F94F535002742B9 /* lifecycle.cpp in Sources */,
			);
			runOnlyForDeploymentPostprocessing = 0;
		};
/* End PBXSourcesBuildPhase section */

/* Begin XCBuildConfiguration section */
		26784E021E003A9700FCE82B /* Debug */ = {
			isa = XCBuildConfiguration;
			buildSettings = {
				ALWAYS_SEARCH_USER_PATHS = NO;
				CLANG_ANALYZER_NONNULL = YES;
				CLANG_CXX_LANGUAGE_STANDARD = "gnu++0x";
				CLANG_CXX_LIBRARY = "libc++";
				CLANG_ENABLE_MODULES = YES;
				CLANG_ENABLE_OBJC_ARC = YES;
				CLANG_WARN_BOOL_CONVERSION = YES;
				CLANG_WARN_CONSTANT_CONVERSION = YES;
				CLANG_WARN_DIRECT_OBJC_ISA_USAGE = YES_ERROR;
				CLANG_WARN_DOCUMENTATION_COMMENTS = YES;
				CLANG_WARN_EMPTY_BODY = YES;
				CLANG_WARN_ENUM_CONVERSION = YES;
				CLANG_WARN_INFINITE_RECURSION = YES;
				CLANG_WARN_INT_CONVERSION = YES;
				CLANG_WARN_OBJC_ROOT_CLASS = YES_ERROR;
				CLANG_WARN_SUSPICIOUS_MOVE = YES;
				CLANG_WARN_SUSPICIOUS_MOVES = YES;
				CLANG_WARN_UNREACHABLE_CODE = YES;
				CLANG_WARN__DUPLICATE_METHOD_MATCH = YES;
				CODE_SIGN_IDENTITY = "-";
				COPY_PHASE_STRIP = NO;
				DEBUG_INFORMATION_FORMAT = dwarf;
				ENABLE_STRICT_OBJC_MSGSEND = YES;
				ENABLE_TESTABILITY = YES;
				GCC_C_LANGUAGE_STANDARD = gnu99;
				GCC_DYNAMIC_NO_PIC = NO;
				GCC_NO_COMMON_BLOCKS = YES;
				GCC_OPTIMIZATION_LEVEL = 0;
				GCC_PREPROCESSOR_DEFINITIONS = (
					"DEBUG=1",
					"$(inherited)",
				);
				GCC_WARN_64_TO_32_BIT_CONVERSION = YES;
				GCC_WARN_ABOUT_RETURN_TYPE = YES_ERROR;
				GCC_WARN_UNDECLARED_SELECTOR = YES;
				GCC_WARN_UNINITIALIZED_AUTOS = YES_AGGRESSIVE;
				GCC_WARN_UNUSED_FUNCTION = YES;
				GCC_WARN_UNUSED_VARIABLE = YES;
				MACOSX_DEPLOYMENT_TARGET = 10.12;
				MTL_ENABLE_DEBUG_INFO = YES;
				ONLY_ACTIVE_ARCH = YES;
				SDKROOT = macosx;
			};
			name = Debug;
		};
		26784E031E003A9700FCE82B /* Release */ = {
			isa = XCBuildConfiguration;
			buildSettings = {
				ALWAYS_SEARCH_USER_PATHS = NO;
				CLANG_ANALYZER_NONNULL = YES;
				CLANG_CXX_LANGUAGE_STANDARD = "gnu++0x";
				CLANG_CXX_LIBRARY = "libc++";
				CLANG_ENABLE_MODULES = YES;
				CLANG_ENABLE_OBJC_ARC = YES;
				CLANG_WARN_BOOL_CONVERSION = YES;
				CLANG_WARN_CONSTANT_CONVERSION = YES;
				CLANG_WARN_DIRECT_OBJC_ISA_USAGE = YES_ERROR;
				CLANG_WARN_DOCUMENTATION_COMMENTS = YES;
				CLANG_WARN_EMPTY_BODY = YES;
				CLANG_WARN_ENUM_CONVERSION = YES;
				CLANG_WARN_INFINITE_RECURSION = YES;
				CLANG_WARN_INT_CONVERSION = YES;
				CLANG_WARN_OBJC_ROOT_CLASS = YES_ERROR;
				CLANG_WARN_SUSPICIOUS_MOVE = YES;
				CLANG_WARN_SUSPICIOUS_MOVES = YES;
				CLANG_WARN_UNREACHABLE_CODE = YES;
				CLANG_WARN__DUPLICATE_METHOD_MATCH = YES;
				CODE_SIGN_IDENTITY = "-";
				COPY_PHASE_STRIP = NO;
				DEBUG_INFORMATION_FORMAT = "dwarf-with-dsym";
				ENABLE_NS_ASSERTIONS = NO;
				ENABLE_STRICT_OBJC_MSGSEND = YES;
				GCC_C_LANGUAGE_STANDARD = gnu99;
				GCC_NO_COMMON_BLOCKS = YES;
				GCC_WARN_64_TO_32_BIT_CONVERSION = YES;
				GCC_WARN_ABOUT_RETURN_TYPE = YES_ERROR;
				GCC_WARN_UNDECLARED_SELECTOR = YES;
				GCC_WARN_UNINITIALIZED_AUTOS = YES_AGGRESSIVE;
				GCC_WARN_UNUSED_FUNCTION = YES;
				GCC_WARN_UNUSED_VARIABLE = YES;
				MACOSX_DEPLOYMENT_TARGET = 10.12;
				MTL_ENABLE_DEBUG_INFO = NO;
				SDKROOT = macosx;
			};
			name = Release;
		};
		26784E051E003A9700FCE82B /* Debug */ = {
			isa = XCBuildConfiguration;
			buildSettings = {
				DEVELOPMENT_TEAM = V26S23V64D;
				DYLIB_COMPATIBILITY_VERSION = 1;
				DYLIB_CURRENT_VERSION = 1;
				EXECUTABLE_PREFIX = lib;
				GCC_ENABLE_CPP_EXCEPTIONS = YES;
				GCC_ENABLE_CPP_RTTI = NO;
				GCC_SYMBOLS_PRIVATE_EXTERN = NO;
				HEADER_SEARCH_PATHS = (
					"$(SRCROOT)/../plugin",
					"$(SRCROOT)/../lib",
					"$(SRCROOT)/../include",
					"$(SRCROOT)",
					"$(SRCROOT)/../common",
				);
				PRODUCT_NAME = "$(TARGET_NAME)";
			};
			name = Debug;
		};
		26784E061E003A9700FCE82B /* Release */ = {
			isa = XCBuildConfiguration;
			buildSettings = {
				DEVELOPMENT_TEAM = V26S23V64D;
				DYLIB_COMPATIBILITY_VERSION = 1;
				DYLIB_CURRENT_VERSION = 1;
				EXECUTABLE_PREFIX = lib;
				GCC_ENABLE_CPP_EXCEPTIONS = YES;
				GCC_ENABLE_CPP_RTTI = NO;
				GCC_SYMBOLS_PRIVATE_EXTERN = NO;
				HEADER_SEARCH_PATHS = (
					"$(SRCROOT)/../plugin",
					"$(SRCROOT)/../lib",
					"$(SRCROOT)/../include",
					"$(SRCROOT)",
					"$(SRCROOT)/../common",
				);
				PRODUCT_NAME = "$(TARGET_NAME)";
			};
			name = Release;
		};
/* End XCBuildConfiguration section */

/* Begin XCConfigurationList section */
		26784DF41E003A9700FCE82B /* Build configuration list for PBXProject "lifecycle" */ = {
			isa = XCConfigurationList;
			buildConfigurations = (
				26784E021E003A9700FCE82B /* Debug */,
				26784E031E003A9700FCE82B /* Release */,
			);
			defaultConfigurationIsVisible = 0;
			defaultConfigurationName = Release;
		};
		26784E041E003A9700FCE82B /* Build configuration list for PBXNativeTarget "lifecycle" */ = {
			isa = XCConfigurationList;
			buildConfigurations = (
				26784E051E003A9700FCE82B /* Debug */,
				26784E061E003A9700FCE82B /* Release */,
			);
			defaultConfigurationIsVisible = 0;
			defaultConfigurationName = Release;
		};
/* End XCConfigurationList section */
	};
	rootObject = 26784DF11E003A9700FCE82B /* Project object */;
}
