// !$*UTF8*$!
{
	archiveVersion = 1;
	classes = {
	};
	objectVersion = 46;
	objects = {

/* Begin PBXBuildFile section */
		26036D121E0E7264005D4D02 /* simple_event.cpp in Sources */ = {isa = PBXBuildFile; fileRef = 26036D101E0E7264005D4D02 /* simple_event.cpp */; };
		26036D131E0E7264005D4D02 /* simple_event.h in Headers */ = {isa = PBXBuildFile; fileRef = 26036D111E0E7264005D4D02 /* simple_event.h */; };
		26036D171E0E7518005D4D02 /* simple_response.cpp in Sources */ = {isa = PBXBuildFile; fileRef = 26036D151E0E7518005D4D02 /* simple_response.cpp */; };
		26036D181E0E7518005D4D02 /* simple_response.h in Headers */ = {isa = PBXBuildFile; fileRef = 26036D161E0E7518005D4D02 /* simple_response.h */; };
		26036D261E0E882E005D4D02 /* liblib.dylib in Frameworks */ = {isa = PBXBuildFile; fileRef = 26036D251E0E882E005D4D02 /* liblib.dylib */; };
		26036D411E0EBF0F005D4D02 /* simple_task.cpp in Sources */ = {isa = PBXBuildFile; fileRef = 26036D3F1E0EBF0F005D4D02 /* simple_task.cpp */; };
		26036D421E0EBF0F005D4D02 /* simple_task.h in Headers */ = {isa = PBXBuildFile; fileRef = 26036D401E0EBF0F005D4D02 /* simple_task.h */; };
		266BFDD81DB26E6600E0FA0F /* event.h in Headers */ = {isa = PBXBuildFile; fileRef = 266BFD8E1DB26E6600E0FA0F /* event.h */; };
		266BFDDB1DB26E6600E0FA0F /* executor.h in Headers */ = {isa = PBXBuildFile; fileRef = 266BFD931DB26E6600E0FA0F /* executor.h */; };
		266BFDEC1DB26E6600E0FA0F /* plugin.cpp in Sources */ = {isa = PBXBuildFile; fileRef = 266BFDAC1DB26E6600E0FA0F /* plugin.cpp */; };
		266BFDED1DB26E6600E0FA0F /* plugin.h in Headers */ = {isa = PBXBuildFile; fileRef = 266BFDAD1DB26E6600E0FA0F /* plugin.h */; };
		266BFDF71DB26E6600E0FA0F /* response.h in Headers */ = {isa = PBXBuildFile; fileRef = 266BFDBD1DB26E6600E0FA0F /* response.h */; };
		266BFDF81DB26E6600E0FA0F /* task.h in Headers */ = {isa = PBXBuildFile; fileRef = 266BFDBF1DB26E6600E0FA0F /* task.h */; };
		266BFE011DB26E6600E0FA0F /* trigger.h in Headers */ = {isa = PBXBuildFile; fileRef = 266BFDCD1DB26E6600E0FA0F /* trigger.h */; };
		266BFE021DB26E6600E0FA0F /* version.cpp in Sources */ = {isa = PBXBuildFile; fileRef = 266BFDCF1DB26E6600E0FA0F /* version.cpp */; };
		266BFE031DB26E6600E0FA0F /* version.h in Headers */ = {isa = PBXBuildFile; fileRef = 266BFDD01DB26E6600E0FA0F /* version.h */; };
		26DA2D9D1DB32455000C9B04 /* config.cpp in Sources */ = {isa = PBXBuildFile; fileRef = 26DA2D9B1DB32455000C9B04 /* config.cpp */; };
		26DA2D9E1DB32455000C9B04 /* config.hpp in Headers */ = {isa = PBXBuildFile; fileRef = 26DA2D9C1DB32455000C9B04 /* config.hpp */; };
		AD7E2BC61F83D08C002DAA7C /* plugin_manager.cpp in Sources */ = {isa = PBXBuildFile; fileRef = AD7E2BC41F83D08C002DAA7C /* plugin_manager.cpp */; };
		AD7E2BC71F83D08C002DAA7C /* plugin_manager.hpp in Headers */ = {isa = PBXBuildFile; fileRef = AD7E2BC51F83D08C002DAA7C /* plugin_manager.hpp */; };
/* End PBXBuildFile section */

/* Begin PBXFileReference section */
		26036D101E0E7264005D4D02 /* simple_event.cpp */ = {isa = PBXFileReference; fileEncoding = 4; lastKnownFileType = sourcecode.cpp.cpp; path = simple_event.cpp; sourceTree = "<group>"; };
		26036D111E0E7264005D4D02 /* simple_event.h */ = {isa = PBXFileReference; fileEncoding = 4; lastKnownFileType = sourcecode.c.h; path = simple_event.h; sourceTree = "<group>"; };
		26036D151E0E7518005D4D02 /* simple_response.cpp */ = {isa = PBXFileReference; fileEncoding = 4; lastKnownFileType = sourcecode.cpp.cpp; path = simple_response.cpp; sourceTree = "<group>"; };
		26036D161E0E7518005D4D02 /* simple_response.h */ = {isa = PBXFileReference; fileEncoding = 4; lastKnownFileType = sourcecode.c.h; path = simple_response.h; sourceTree = "<group>"; };
		26036D251E0E882E005D4D02 /* liblib.dylib */ = {isa = PBXFileReference; lastKnownFileType = "compiled.mach-o.dylib"; name = liblib.dylib; path = "../../../../Library/Developer/Xcode/DerivedData/xiangyun.kong-auhvnlcmvrvvdbddscrdalymuxic/Build/Products/Debug/liblib.dylib"; sourceTree = "<group>"; };
		26036D3F1E0EBF0F005D4D02 /* simple_task.cpp */ = {isa = PBXFileReference; fileEncoding = 4; lastKnownFileType = sourcecode.cpp.cpp; path = simple_task.cpp; sourceTree = "<group>"; };
		26036D401E0EBF0F005D4D02 /* simple_task.h */ = {isa = PBXFileReference; fileEncoding = 4; lastKnownFileType = sourcecode.c.h; path = simple_task.h; sourceTree = "<group>"; };
		266BFCEA1DB26A3200E0FA0F /* libplugin.dylib */ = {isa = PBXFileReference; explicitFileType = "compiled.mach-o.dylib"; includeInIndex = 0; path = libplugin.dylib; sourceTree = BUILT_PRODUCTS_DIR; };
		266BFCF91DB26DD700E0FA0F /* plugin.framework.mdj */ = {isa = PBXFileReference; fileEncoding = 4; lastKnownFileType = text; name = plugin.framework.mdj; path = doc/plugin.framework.mdj; sourceTree = "<group>"; };
		266BFCFA1DB26DD700E0FA0F /* task.list */ = {isa = PBXFileReference; fileEncoding = 4; lastKnownFileType = text; name = task.list; path = doc/task.list; sourceTree = "<group>"; };
		266BFD8E1DB26E6600E0FA0F /* event.h */ = {isa = PBXFileReference; fileEncoding = 4; lastKnownFileType = sourcecode.c.h; path = event.h; sourceTree = "<group>"; };
		266BFD931DB26E6600E0FA0F /* executor.h */ = {isa = PBXFileReference; fileEncoding = 4; lastKnownFileType = sourcecode.c.h; path = executor.h; sourceTree = "<group>"; };
		266BFDAC1DB26E6600E0FA0F /* plugin.cpp */ = {isa = PBXFileReference; fileEncoding = 4; lastKnownFileType = sourcecode.cpp.cpp; path = plugin.cpp; sourceTree = "<group>"; };
		266BFDAD1DB26E6600E0FA0F /* plugin.h */ = {isa = PBXFileReference; fileEncoding = 4; lastKnownFileType = sourcecode.c.h; path = plugin.h; sourceTree = "<group>"; };
		266BFDBD1DB26E6600E0FA0F /* response.h */ = {isa = PBXFileReference; fileEncoding = 4; lastKnownFileType = sourcecode.c.h; path = response.h; sourceTree = "<group>"; };
		266BFDBF1DB26E6600E0FA0F /* task.h */ = {isa = PBXFileReference; fileEncoding = 4; lastKnownFileType = sourcecode.c.h; path = task.h; sourceTree = "<group>"; };
		266BFDCD1DB26E6600E0FA0F /* trigger.h */ = {isa = PBXFileReference; fileEncoding = 4; lastKnownFileType = sourcecode.c.h; path = trigger.h; sourceTree = "<group>"; };
		266BFDCF1DB26E6600E0FA0F /* version.cpp */ = {isa = PBXFileReference; fileEncoding = 4; lastKnownFileType = sourcecode.cpp.cpp; path = version.cpp; sourceTree = "<group>"; };
		266BFDD01DB26E6600E0FA0F /* version.h */ = {isa = PBXFileReference; fileEncoding = 4; lastKnownFileType = sourcecode.c.h; path = version.h; sourceTree = "<group>"; };
		26DA2D9B1DB32455000C9B04 /* config.cpp */ = {isa = PBXFileReference; fileEncoding = 4; lastKnownFileType = sourcecode.cpp.cpp; path = config.cpp; sourceTree = "<group>"; };
		26DA2D9C1DB32455000C9B04 /* config.hpp */ = {isa = PBXFileReference; fileEncoding = 4; lastKnownFileType = sourcecode.cpp.h; path = config.hpp; sourceTree = "<group>"; };
		AD7E2BC41F83D08C002DAA7C /* plugin_manager.cpp */ = {isa = PBXFileReference; fileEncoding = 4; lastKnownFileType = sourcecode.cpp.cpp; name = plugin_manager.cpp; path = src/manager/plugin_manager.cpp; sourceTree = "<group>"; };
		AD7E2BC51F83D08C002DAA7C /* plugin_manager.hpp */ = {isa = PBXFileReference; fileEncoding = 4; lastKnownFileType = sourcecode.cpp.h; name = plugin_manager.hpp; path = src/manager/plugin_manager.hpp; sourceTree = "<group>"; };
		AD7E2BC81F83D3AB002DAA7C /* plugin_thread.hpp */ = {isa = PBXFileReference; lastKnownFileType = sourcecode.cpp.h; name = plugin_thread.hpp; path = src/manager/plugin_thread.hpp; sourceTree = "<group>"; };
/* End PBXFileReference section */

/* Begin PBXFrameworksBuildPhase section */
		266BFCE71DB26A3200E0FA0F /* Frameworks */ = {
			isa = PBXFrameworksBuildPhase;
			buildActionMask = 2147483647;
			files = (
				26036D261E0E882E005D4D02 /* liblib.dylib in Frameworks */,
			);
			runOnlyForDeploymentPostprocessing = 0;
		};
/* End PBXFrameworksBuildPhase section */

/* Begin PBXGroup section */
		26036D241E0E882E005D4D02 /* Frameworks */ = {
			isa = PBXGroup;
			children = (
				26036D251E0E882E005D4D02 /* liblib.dylib */,
			);
			name = Frameworks;
			sourceTree = "<group>";
		};
		266BFCE11DB26A3200E0FA0F = {
			isa = PBXGroup;
			children = (
				266BFCF81DB26DBD00E0FA0F /* doc */,
				26036D241E0E882E005D4D02 /* Frameworks */,
				266BFCEB1DB26A3200E0FA0F /* Products */,
				266BFD7F1DB26E5800E0FA0F /* src */,
			);
			sourceTree = "<group>";
		};
		266BFCEB1DB26A3200E0FA0F /* Products */ = {
			isa = PBXGroup;
			children = (
				266BFCEA1DB26A3200E0FA0F /* libplugin.dylib */,
			);
			name = Products;
			sourceTree = "<group>";
		};
		266BFCF81DB26DBD00E0FA0F /* doc */ = {
			isa = PBXGroup;
			children = (
				266BFCF91DB26DD700E0FA0F /* plugin.framework.mdj */,
				266BFCFA1DB26DD700E0FA0F /* task.list */,
			);
			name = doc;
			sourceTree = "<group>";
		};
		266BFD7F1DB26E5800E0FA0F /* src */ = {
			isa = PBXGroup;
			children = (
				AD7E2BC31F83D030002DAA7C /* manager */,
				266BFD8C1DB26E6600E0FA0F /* event */,
				266BFD921DB26E6600E0FA0F /* executor */,
				266BFDAB1DB26E6600E0FA0F /* plugin */,
				266BFDB81DB26E6600E0FA0F /* response */,
				266BFDBE1DB26E6600E0FA0F /* task */,
				266BFDC91DB26E6600E0FA0F /* trigger */,
				266BFDCE1DB26E6600E0FA0F /* version */,
			);
			name = src;
			sourceTree = "<group>";
		};
		266BFD8C1DB26E6600E0FA0F /* event */ = {
			isa = PBXGroup;
			children = (
				26036D101E0E7264005D4D02 /* simple_event.cpp */,
				26036D111E0E7264005D4D02 /* simple_event.h */,
				266BFD8E1DB26E6600E0FA0F /* event.h */,
			);
			name = event;
			path = src/event;
			sourceTree = "<group>";
		};
		266BFD921DB26E6600E0FA0F /* executor */ = {
			isa = PBXGroup;
			children = (
				266BFD931DB26E6600E0FA0F /* executor.h */,
			);
			name = executor;
			path = src/executor;
			sourceTree = "<group>";
		};
		266BFDAB1DB26E6600E0FA0F /* plugin */ = {
			isa = PBXGroup;
			children = (
				266BFDAC1DB26E6600E0FA0F /* plugin.cpp */,
				266BFDAD1DB26E6600E0FA0F /* plugin.h */,
				26DA2D9B1DB32455000C9B04 /* config.cpp */,
				26DA2D9C1DB32455000C9B04 /* config.hpp */,
			);
			name = plugin;
			path = src/plugin;
			sourceTree = "<group>";
		};
		266BFDB81DB26E6600E0FA0F /* response */ = {
			isa = PBXGroup;
			children = (
				26036D151E0E7518005D4D02 /* simple_response.cpp */,
				26036D161E0E7518005D4D02 /* simple_response.h */,
				266BFDBD1DB26E6600E0FA0F /* response.h */,
			);
			name = response;
			path = src/response;
			sourceTree = "<group>";
		};
		266BFDBE1DB26E6600E0FA0F /* task */ = {
			isa = PBXGroup;
			children = (
				266BFDBF1DB26E6600E0FA0F /* task.h */,
				26036D3F1E0EBF0F005D4D02 /* simple_task.cpp */,
				26036D401E0EBF0F005D4D02 /* simple_task.h */,
			);
			name = task;
			path = src/task;
			sourceTree = "<group>";
		};
		266BFDC91DB26E6600E0FA0F /* trigger */ = {
			isa = PBXGroup;
			children = (
				266BFDCD1DB26E6600E0FA0F /* trigger.h */,
			);
			name = trigger;
			path = src/trigger;
			sourceTree = "<group>";
		};
		266BFDCE1DB26E6600E0FA0F /* version */ = {
			isa = PBXGroup;
			children = (
				266BFDCF1DB26E6600E0FA0F /* version.cpp */,
				266BFDD01DB26E6600E0FA0F /* version.h */,
			);
			name = version;
			path = src/version;
			sourceTree = "<group>";
		};
		AD7E2BC31F83D030002DAA7C /* manager */ = {
			isa = PBXGroup;
			children = (
				AD7E2BC41F83D08C002DAA7C /* plugin_manager.cpp */,
				AD7E2BC51F83D08C002DAA7C /* plugin_manager.hpp */,
				AD7E2BC81F83D3AB002DAA7C /* plugin_thread.hpp */,
			);
			name = manager;
			sourceTree = "<group>";
		};
/* End PBXGroup section */

/* Begin PBXHeadersBuildPhase section */
		266BFCE81DB26A3200E0FA0F /* Headers */ = {
			isa = PBXHeadersBuildPhase;
			buildActionMask = 2147483647;
			files = (
				266BFE031DB26E6600E0FA0F /* version.h in Headers */,
				26036D421E0EBF0F005D4D02 /* simple_task.h in Headers */,
				266BFDED1DB26E6600E0FA0F /* plugin.h in Headers */,
				266BFDDB1DB26E6600E0FA0F /* executor.h in Headers */,
				26DA2D9E1DB32455000C9B04 /* config.hpp in Headers */,
				266BFDF81DB26E6600E0FA0F /* task.h in Headers */,
				266BFDF71DB26E6600E0FA0F /* response.h in Headers */,
				26036D131E0E7264005D4D02 /* simple_event.h in Headers */,
				266BFE011DB26E6600E0FA0F /* trigger.h in Headers */,
				266BFDD81DB26E6600E0FA0F /* event.h in Headers */,
				26036D181E0E7518005D4D02 /* simple_response.h in Headers */,
				AD7E2BC71F83D08C002DAA7C /* plugin_manager.hpp in Headers */,
			);
			runOnlyForDeploymentPostprocessing = 0;
		};
/* End PBXHeadersBuildPhase section */

/* Begin PBXNativeTarget section */
		266BFCE91DB26A3200E0FA0F /* plugin */ = {
			isa = PBXNativeTarget;
			buildConfigurationList = 266BFCF51DB26A3200E0FA0F /* Build configuration list for PBXNativeTarget "plugin" */;
			buildPhases = (
				266BFCE61DB26A3200E0FA0F /* Sources */,
				266BFCE71DB26A3200E0FA0F /* Frameworks */,
				266BFCE81DB26A3200E0FA0F /* Headers */,
			);
			buildRules = (
			);
			dependencies = (
			);
			name = plugin;
			productName = plugin;
			productReference = 266BFCEA1DB26A3200E0FA0F /* libplugin.dylib */;
			productType = "com.apple.product-type.library.dynamic";
		};
/* End PBXNativeTarget section */

/* Begin PBXProject section */
		266BFCE21DB26A3200E0FA0F /* Project object */ = {
			isa = PBXProject;
			attributes = {
				LastUpgradeCheck = 0810;
				ORGANIZATIONNAME = "孔祥云";
				TargetAttributes = {
					266BFCE91DB26A3200E0FA0F = {
						CreatedOnToolsVersion = 8.0;
						DevelopmentTeam = V26S23V64D;
						ProvisioningStyle = Automatic;
					};
				};
			};
			buildConfigurationList = 266BFCE51DB26A3200E0FA0F /* Build configuration list for PBXProject "plugin" */;
			compatibilityVersion = "Xcode 3.2";
			developmentRegion = English;
			hasScannedForEncodings = 0;
			knownRegions = (
				en,
			);
			mainGroup = 266BFCE11DB26A3200E0FA0F;
			productRefGroup = 266BFCEB1DB26A3200E0FA0F /* Products */;
			projectDirPath = "";
			projectRoot = "";
			targets = (
				266BFCE91DB26A3200E0FA0F /* plugin */,
			);
		};
/* End PBXProject section */

/* Begin PBXSourcesBuildPhase section */
		266BFCE61DB26A3200E0FA0F /* Sources */ = {
			isa = PBXSourcesBuildPhase;
			buildActionMask = 2147483647;
			files = (
				266BFE021DB26E6600E0FA0F /* version.cpp in Sources */,
				AD7E2BC61F83D08C002DAA7C /* plugin_manager.cpp in Sources */,
				26036D121E0E7264005D4D02 /* simple_event.cpp in Sources */,
				26036D171E0E7518005D4D02 /* simple_response.cpp in Sources */,
				26036D411E0EBF0F005D4D02 /* simple_task.cpp in Sources */,
				26DA2D9D1DB32455000C9B04 /* config.cpp in Sources */,
				266BFDEC1DB26E6600E0FA0F /* plugin.cpp in Sources */,
			);
			runOnlyForDeploymentPostprocessing = 0;
		};
/* End PBXSourcesBuildPhase section */

/* Begin XCBuildConfiguration section */
		266BFCF31DB26A3200E0FA0F /* Debug */ = {
			isa = XCBuildConfiguration;
			buildSettings = {
				ALWAYS_SEARCH_USER_PATHS = NO;
				CLANG_ANALYZER_NONNULL = YES;
				CLANG_CXX_LANGUAGE_STANDARD = "gnu++0x";
				CLANG_CXX_LIBRARY = "libc++";
				CLANG_ENABLE_MODULES = YES;
				CLANG_ENABLE_OBJC_ARC = YES;
				CLANG_WARN_BOOL_CONVERSION = YES;
				CLANG_WARN_CONSTANT_CONVERSION = YES;
				CLANG_WARN_DIRECT_OBJC_ISA_USAGE = YES_ERROR;
				CLANG_WARN_DOCUMENTATION_COMMENTS = YES;
				CLANG_WARN_EMPTY_BODY = YES;
				CLANG_WARN_ENUM_CONVERSION = YES;
				CLANG_WARN_INFINITE_RECURSION = YES;
				CLANG_WARN_INT_CONVERSION = YES;
				CLANG_WARN_OBJC_ROOT_CLASS = YES_ERROR;
				CLANG_WARN_SUSPICIOUS_MOVE = YES;
				CLANG_WARN_SUSPICIOUS_MOVES = YES;
				CLANG_WARN_UNREACHABLE_CODE = YES;
				CLANG_WARN__DUPLICATE_METHOD_MATCH = YES;
				CODE_SIGN_IDENTITY = "-";
				COPY_PHASE_STRIP = NO;
				DEBUG_INFORMATION_FORMAT = dwarf;
				ENABLE_STRICT_OBJC_MSGSEND = YES;
				ENABLE_TESTABILITY = YES;
				GCC_C_LANGUAGE_STANDARD = gnu99;
				GCC_DYNAMIC_NO_PIC = NO;
				GCC_NO_COMMON_BLOCKS = YES;
				GCC_OPTIMIZATION_LEVEL = 0;
				GCC_PREPROCESSOR_DEFINITIONS = (
					"DEBUG=1",
					"$(inherited)",
				);
				GCC_WARN_64_TO_32_BIT_CONVERSION = YES;
				GCC_WARN_ABOUT_RETURN_TYPE = YES_ERROR;
				GCC_WARN_UNDECLARED_SELECTOR = YES;
				GCC_WARN_UNINITIALIZED_AUTOS = YES_AGGRESSIVE;
				GCC_WARN_UNUSED_FUNCTION = YES;
				GCC_WARN_UNUSED_VARIABLE = YES;
				MACOSX_DEPLOYMENT_TARGET = 10.12;
				MTL_ENABLE_DEBUG_INFO = YES;
				ONLY_ACTIVE_ARCH = YES;
				SDKROOT = macosx;
			};
			name = Debug;
		};
		266BFCF41DB26A3200E0FA0F /* Release */ = {
			isa = XCBuildConfiguration;
			buildSettings = {
				ALWAYS_SEARCH_USER_PATHS = NO;
				CLANG_ANALYZER_NONNULL = YES;
				CLANG_CXX_LANGUAGE_STANDARD = "gnu++0x";
				CLANG_CXX_LIBRARY = "libc++";
				CLANG_ENABLE_MODULES = YES;
				CLANG_ENABLE_OBJC_ARC = YES;
				CLANG_WARN_BOOL_CONVERSION = YES;
				CLANG_WARN_CONSTANT_CONVERSION = YES;
				CLANG_WARN_DIRECT_OBJC_ISA_USAGE = YES_ERROR;
				CLANG_WARN_DOCUMENTATION_COMMENTS = YES;
				CLANG_WARN_EMPTY_BODY = YES;
				CLANG_WARN_ENUM_CONVERSION = YES;
				CLANG_WARN_INFINITE_RECURSION = YES;
				CLANG_WARN_INT_CONVERSION = YES;
				CLANG_WARN_OBJC_ROOT_CLASS = YES_ERROR;
				CLANG_WARN_SUSPICIOUS_MOVE = YES;
				CLANG_WARN_SUSPICIOUS_MOVES = YES;
				CLANG_WARN_UNREACHABLE_CODE = YES;
				CLANG_WARN__DUPLICATE_METHOD_MATCH = YES;
				CODE_SIGN_IDENTITY = "-";
				COPY_PHASE_STRIP = NO;
				DEBUG_INFORMATION_FORMAT = "dwarf-with-dsym";
				ENABLE_NS_ASSERTIONS = NO;
				ENABLE_STRICT_OBJC_MSGSEND = YES;
				GCC_C_LANGUAGE_STANDARD = gnu99;
				GCC_NO_COMMON_BLOCKS = YES;
				GCC_WARN_64_TO_32_BIT_CONVERSION = YES;
				GCC_WARN_ABOUT_RETURN_TYPE = YES_ERROR;
				GCC_WARN_UNDECLARED_SELECTOR = YES;
				GCC_WARN_UNINITIALIZED_AUTOS = YES_AGGRESSIVE;
				GCC_WARN_UNUSED_FUNCTION = YES;
				GCC_WARN_UNUSED_VARIABLE = YES;
				MACOSX_DEPLOYMENT_TARGET = 10.12;
				MTL_ENABLE_DEBUG_INFO = NO;
				SDKROOT = macosx;
			};
			name = Release;
		};
		266BFCF61DB26A3200E0FA0F /* Debug */ = {
			isa = XCBuildConfiguration;
			buildSettings = {
				CLANG_WARN_DOCUMENTATION_COMMENTS = NO;
				DEVELOPMENT_TEAM = V26S23V64D;
				DYLIB_COMPATIBILITY_VERSION = 1;
				DYLIB_CURRENT_VERSION = 1;
				EXECUTABLE_PREFIX = lib;
				GCC_ENABLE_CPP_EXCEPTIONS = YES;
				GCC_ENABLE_CPP_RTTI = YES;
				GCC_SYMBOLS_PRIVATE_EXTERN = YES;
				GCC_WARN_UNKNOWN_PRAGMAS = YES;
				HEADER_SEARCH_PATHS = (
					"$(SRCROOT)/src",
					"$(SRCROOT)/../lib/lib",
					"$(SRCROOT)/../include",
				);
				OTHER_CFLAGS = "-fPIC";
				OTHER_CPLUSPLUSFLAGS = "$(OTHER_CFLAGS)";
				PRODUCT_NAME = "$(TARGET_NAME)";
			};
			name = Debug;
		};
		266BFCF71DB26A3200E0FA0F /* Release */ = {
			isa = XCBuildConfiguration;
			buildSettings = {
				CLANG_WARN_DOCUMENTATION_COMMENTS = NO;
				DEVELOPMENT_TEAM = V26S23V64D;
				DYLIB_COMPATIBILITY_VERSION = 1;
				DYLIB_CURRENT_VERSION = 1;
				EXECUTABLE_PREFIX = lib;
				GCC_ENABLE_CPP_EXCEPTIONS = YES;
				GCC_ENABLE_CPP_RTTI = YES;
				GCC_SYMBOLS_PRIVATE_EXTERN = YES;
				GCC_WARN_UNKNOWN_PRAGMAS = YES;
				HEADER_SEARCH_PATHS = (
					"$(SRCROOT)/src",
					"$(SRCROOT)/../lib/lib",
					"$(SRCROOT)/../include",
				);
				OTHER_CFLAGS = "-fPIC";
				OTHER_CPLUSPLUSFLAGS = "$(OTHER_CFLAGS)";
				PRODUCT_NAME = "$(TARGET_NAME)";
			};
			name = Release;
		};
/* End XCBuildConfiguration section */

/* Begin XCConfigurationList section */
		266BFCE51DB26A3200E0FA0F /* Build configuration list for PBXProject "plugin" */ = {
			isa = XCConfigurationList;
			buildConfigurations = (
				266BFCF31DB26A3200E0FA0F /* Debug */,
				266BFCF41DB26A3200E0FA0F /* Release */,
			);
			defaultConfigurationIsVisible = 0;
			defaultConfigurationName = Release;
		};
		266BFCF51DB26A3200E0FA0F /* Build configuration list for PBXNativeTarget "plugin" */ = {
			isa = XCConfigurationList;
			buildConfigurations = (
				266BFCF61DB26A3200E0FA0F /* Debug */,
				266BFCF71DB26A3200E0FA0F /* Release */,
			);
			defaultConfigurationIsVisible = 0;
			defaultConfigurationName = Release;
		};
/* End XCConfigurationList section */
	};
	rootObject = 266BFCE21DB26A3200E0FA0F /* Project object */;
}
