// !$*UTF8*$!
{
	archiveVersion = 1;
	classes = {
	};
	objectVersion = 46;
	objects = {

/* Begin PBXBuildFile section */
		26036D261E0E882E005D4D02 /* liblib.dylib in Frameworks */ = {isa = PBXBuildFile; fileRef = 26036D251E0E882E005D4D02 /* liblib.dylib */; };
		AD5F03DB1F94FCE0002742B9 /* plugin_manager.cpp in Sources */ = {isa = PBXBuildFile; fileRef = AD5F03D81F94FCE0002742B9 /* plugin_manager.cpp */; };
		AD5F03DC1F94FCE0002742B9 /* plugin_manager.hpp in Headers */ = {isa = PBXBuildFile; fileRef = AD5F03D91F94FCE0002742B9 /* plugin_manager.hpp */; };
		AD5F03DD1F94FCE0002742B9 /* plugin_thread.hpp in Headers */ = {isa = PBXBuildFile; fileRef = AD5F03DA1F94FCE0002742B9 /* plugin_thread.hpp */; };
		AD5F03E11F94FD22002742B9 /* event.h in Headers */ = {isa = PBXBuildFile; fileRef = AD5F03DE1F94FD22002742B9 /* event.h */; };
		AD5F03E21F94FD22002742B9 /* simple_event.cpp in Sources */ = {isa = PBXBuildFile; fileRef = AD5F03DF1F94FD22002742B9 /* simple_event.cpp */; };
		AD5F03E31F94FD22002742B9 /* simple_event.h in Headers */ = {isa = PBXBuildFile; fileRef = AD5F03E01F94FD22002742B9 /* simple_event.h */; };
		AD5F03E51F94FDA3002742B9 /* executor.h in Headers */ = {isa = PBXBuildFile; fileRef = AD5F03E41F94FDA3002742B9 /* executor.h */; };
		AD5F03EA1F94FDB4002742B9 /* config.cpp in Sources */ = {isa = PBXBuildFile; fileRef = AD5F03E61F94FDB4002742B9 /* config.cpp */; };
		AD5F03EB1F94FDB4002742B9 /* config.hpp in Headers */ = {isa = PBXBuildFile; fileRef = AD5F03E71F94FDB4002742B9 /* config.hpp */; };
		AD5F03EC1F94FDB4002742B9 /* plugin.cpp in Sources */ = {isa = PBXBuildFile; fileRef = AD5F03E81F94FDB4002742B9 /* plugin.cpp */; };
		AD5F03ED1F94FDB4002742B9 /* plugin.h in Headers */ = {isa = PBXBuildFile; fileRef = AD5F03E91F94FDB4002742B9 /* plugin.h */; };
		AD5F03F21F94FDDD002742B9 /* response.h in Headers */ = {isa = PBXBuildFile; fileRef = AD5F03EF1F94FDDD002742B9 /* response.h */; };
		AD5F03F31F94FDDD002742B9 /* simple_response.cpp in Sources */ = {isa = PBXBuildFile; fileRef = AD5F03F01F94FDDD002742B9 /* simple_response.cpp */; };
		AD5F03F41F94FDDD002742B9 /* simple_response.h in Headers */ = {isa = PBXBuildFile; fileRef = AD5F03F11F94FDDD002742B9 /* simple_response.h */; };
		AD5F03FC1F94FDF8002742B9 /* trigger.h in Headers */ = {isa = PBXBuildFile; fileRef = AD5F03FB1F94FDF8002742B9 /* trigger.h */; };
		AD5F03FF1F94FE05002742B9 /* version.cpp in Sources */ = {isa = PBXBuildFile; fileRef = AD5F03FD1F94FE05002742B9 /* version.cpp */; };
		AD5F04001F94FE05002742B9 /* version.h in Headers */ = {isa = PBXBuildFile; fileRef = AD5F03FE1F94FE05002742B9 /* version.h */; };
		ADC522CC1F97856800AAD2B9 /* function_manager.cpp in Sources */ = {isa = PBXBuildFile; fileRef = ADC522CA1F97856800AAD2B9 /* function_manager.cpp */; };
		ADC522CD1F97856800AAD2B9 /* function_manager.hpp in Headers */ = {isa = PBXBuildFile; fileRef = ADC522CB1F97856800AAD2B9 /* function_manager.hpp */; };
		ADC522D01F978DAD00AAD2B9 /* dependence_manager.cpp in Sources */ = {isa = PBXBuildFile; fileRef = ADC522CE1F978DAD00AAD2B9 /* dependence_manager.cpp */; };
		ADC522D11F978DAD00AAD2B9 /* dependence_manager.hpp in Headers */ = {isa = PBXBuildFile; fileRef = ADC522CF1F978DAD00AAD2B9 /* dependence_manager.hpp */; };
/* End PBXBuildFile section */

/* Begin PBXFileReference section */
		26036D251E0E882E005D4D02 /* liblib.dylib */ = {isa = PBXFileReference; lastKnownFileType = "compiled.mach-o.dylib"; name = liblib.dylib; path = "../../../../Library/Developer/Xcode/DerivedData/xiangyun.kong-auhvnlcmvrvvdbddscrdalymuxic/Build/Products/Debug/liblib.dylib"; sourceTree = "<group>"; };
		266BFCEA1DB26A3200E0FA0F /* libplugin.dylib */ = {isa = PBXFileReference; explicitFileType = "compiled.mach-o.dylib"; includeInIndex = 0; path = libplugin.dylib; sourceTree = BUILT_PRODUCTS_DIR; };
		266BFCF91DB26DD700E0FA0F /* plugin.framework.mdj */ = {isa = PBXFileReference; fileEncoding = 4; lastKnownFileType = text; name = plugin.framework.mdj; path = doc/plugin.framework.mdj; sourceTree = "<group>"; };
		266BFCFA1DB26DD700E0FA0F /* task.list */ = {isa = PBXFileReference; fileEncoding = 4; lastKnownFileType = text; name = task.list; path = doc/task.list; sourceTree = "<group>"; };
		AD265FF41F98E7EA0065E89C /* help_thread.hpp */ = {isa = PBXFileReference; lastKnownFileType = sourcecode.cpp.h; name = help_thread.hpp; path = plugin/manager/help_thread.hpp; sourceTree = "<group>"; };
		AD5F03D81F94FCE0002742B9 /* plugin_manager.cpp */ = {isa = PBXFileReference; fileEncoding = 4; lastKnownFileType = sourcecode.cpp.cpp; name = plugin_manager.cpp; path = plugin/manager/plugin_manager.cpp; sourceTree = "<group>"; };
		AD5F03D91F94FCE0002742B9 /* plugin_manager.hpp */ = {isa = PBXFileReference; fileEncoding = 4; lastKnownFileType = sourcecode.cpp.h; name = plugin_manager.hpp; path = plugin/manager/plugin_manager.hpp; sourceTree = "<group>"; };
		AD5F03DA1F94FCE0002742B9 /* plugin_thread.hpp */ = {isa = PBXFileReference; fileEncoding = 4; lastKnownFileType = sourcecode.cpp.h; name = plugin_thread.hpp; path = plugin/manager/plugin_thread.hpp; sourceTree = "<group>"; };
		AD5F03DE1F94FD22002742B9 /* event.h */ = {isa = PBXFileReference; fileEncoding = 4; lastKnownFileType = sourcecode.c.h; name = event.h; path = plugin/event/event.h; sourceTree = SOURCE_ROOT; };
		AD5F03DF1F94FD22002742B9 /* simple_event.cpp */ = {isa = PBXFileReference; fileEncoding = 4; lastKnownFileType = sourcecode.cpp.cpp; name = simple_event.cpp; path = plugin/event/simple_event.cpp; sourceTree = SOURCE_ROOT; };
		AD5F03E01F94FD22002742B9 /* simple_event.h */ = {isa = PBXFileReference; fileEncoding = 4; lastKnownFileType = sourcecode.c.h; name = simple_event.h; path = plugin/event/simple_event.h; sourceTree = SOURCE_ROOT; };
		AD5F03E41F94FDA3002742B9 /* executor.h */ = {isa = PBXFileReference; fileEncoding = 4; lastKnownFileType = sourcecode.c.h; name = executor.h; path = plugin/executor/executor.h; sourceTree = SOURCE_ROOT; };
		AD5F03E61F94FDB4002742B9 /* config.cpp */ = {isa = PBXFileReference; fileEncoding = 4; lastKnownFileType = sourcecode.cpp.cpp; name = config.cpp; path = plugin/plugin/config.cpp; sourceTree = SOURCE_ROOT; };
		AD5F03E71F94FDB4002742B9 /* config.hpp */ = {isa = PBXFileReference; fileEncoding = 4; lastKnownFileType = sourcecode.cpp.h; name = config.hpp; path = plugin/plugin/config.hpp; sourceTree = SOURCE_ROOT; };
		AD5F03E81F94FDB4002742B9 /* plugin.cpp */ = {isa = PBXFileReference; fileEncoding = 4; lastKnownFileType = sourcecode.cpp.cpp; name = plugin.cpp; path = plugin/plugin/plugin.cpp; sourceTree = SOURCE_ROOT; };
		AD5F03E91F94FDB4002742B9 /* plugin.h */ = {isa = PBXFileReference; fileEncoding = 4; lastKnownFileType = sourcecode.c.h; name = plugin.h; path = plugin/plugin/plugin.h; sourceTree = SOURCE_ROOT; };
		AD5F03EF1F94FDDD002742B9 /* response.h */ = {isa = PBXFileReference; fileEncoding = 4; lastKnownFileType = sourcecode.c.h; name = response.h; path = plugin/response/response.h; sourceTree = SOURCE_ROOT; };
		AD5F03F01F94FDDD002742B9 /* simple_response.cpp */ = {isa = PBXFileReference; fileEncoding = 4; lastKnownFileType = sourcecode.cpp.cpp; name = simple_response.cpp; path = plugin/response/simple_response.cpp; sourceTree = SOURCE_ROOT; };
		AD5F03F11F94FDDD002742B9 /* simple_response.h */ = {isa = PBXFileReference; fileEncoding = 4; lastKnownFileType = sourcecode.c.h; name = simple_response.h; path = plugin/response/simple_response.h; sourceTree = SOURCE_ROOT; };
		AD5F03FB1F94FDF8002742B9 /* trigger.h */ = {isa = PBXFileReference; fileEncoding = 4; lastKnownFileType = sourcecode.c.h; name = trigger.h; path = plugin/trigger/trigger.h; sourceTree = SOURCE_ROOT; };
		AD5F03FD1F94FE05002742B9 /* version.cpp */ = {isa = PBXFileReference; fileEncoding = 4; lastKnownFileType = sourcecode.cpp.cpp; name = version.cpp; path = plugin/version/version.cpp; sourceTree = SOURCE_ROOT; };
		AD5F03FE1F94FE05002742B9 /* version.h */ = {isa = PBXFileReference; fileEncoding = 4; lastKnownFileType = sourcecode.c.h; name = version.h; path = plugin/version/version.h; sourceTree = SOURCE_ROOT; };
		ADC522CA1F97856800AAD2B9 /* function_manager.cpp */ = {isa = PBXFileReference; fileEncoding = 4; lastKnownFileType = sourcecode.cpp.cpp; name = function_manager.cpp; path = plugin/manager/function_manager.cpp; sourceTree = "<group>"; };
		ADC522CB1F97856800AAD2B9 /* function_manager.hpp */ = {isa = PBXFileReference; fileEncoding = 4; lastKnownFileType = sourcecode.cpp.h; name = function_manager.hpp; path = plugin/manager/function_manager.hpp; sourceTree = "<group>"; };
		ADC522CE1F978DAD00AAD2B9 /* dependence_manager.cpp */ = {isa = PBXFileReference; fileEncoding = 4; lastKnownFileType = sourcecode.cpp.cpp; name = dependence_manager.cpp; path = plugin/manager/dependence_manager.cpp; sourceTree = "<group>"; };
		ADC522CF1F978DAD00AAD2B9 /* dependence_manager.hpp */ = {isa = PBXFileReference; fileEncoding = 4; lastKnownFileType = sourcecode.cpp.h; name = dependence_manager.hpp; path = plugin/manager/dependence_manager.hpp; sourceTree = "<group>"; };
/* End PBXFileReference section */

/* Begin PBXFrameworksBuildPhase section */
		266BFCE71DB26A3200E0FA0F /* Frameworks */ = {
			isa = PBXFrameworksBuildPhase;
			buildActionMask = 2147483647;
			files = (
				26036D261E0E882E005D4D02 /* liblib.dylib in Frameworks */,
			);
			runOnlyForDeploymentPostprocessing = 0;
		};
/* End PBXFrameworksBuildPhase section */

/* Begin PBXGroup section */
		26036D241E0E882E005D4D02 /* Frameworks */ = {
			isa = PBXGroup;
			children = (
				26036D251E0E882E005D4D02 /* liblib.dylib */,
			);
			name = Frameworks;
			sourceTree = "<group>";
		};
		266BFCE11DB26A3200E0FA0F = {
			isa = PBXGroup;
			children = (
				266BFCF81DB26DBD00E0FA0F /* doc */,
				26036D241E0E882E005D4D02 /* Frameworks */,
				266BFCEB1DB26A3200E0FA0F /* Products */,
				266BFD7F1DB26E5800E0FA0F /* plugin */,
			);
			sourceTree = "<group>";
		};
		266BFCEB1DB26A3200E0FA0F /* Products */ = {
			isa = PBXGroup;
			children = (
				266BFCEA1DB26A3200E0FA0F /* libplugin.dylib */,
			);
			name = Products;
			sourceTree = "<group>";
		};
		266BFCF81DB26DBD00E0FA0F /* doc */ = {
			isa = PBXGroup;
			children = (
				266BFCF91DB26DD700E0FA0F /* plugin.framework.mdj */,
				266BFCFA1DB26DD700E0FA0F /* task.list */,
			);
			name = doc;
			sourceTree = "<group>";
		};
		266BFD7F1DB26E5800E0FA0F /* plugin */ = {
			isa = PBXGroup;
			children = (
				AD7E2BC31F83D030002DAA7C /* manager */,
				266BFD8C1DB26E6600E0FA0F /* event */,
				266BFD921DB26E6600E0FA0F /* executor */,
				266BFDAB1DB26E6600E0FA0F /* plugin */,
				266BFDB81DB26E6600E0FA0F /* response */,
				266BFDBE1DB26E6600E0FA0F /* task */,
				266BFDC91DB26E6600E0FA0F /* trigger */,
				266BFDCE1DB26E6600E0FA0F /* version */,
			);
			name = plugin;
			sourceTree = "<group>";
		};
		266BFD8C1DB26E6600E0FA0F /* event */ = {
			isa = PBXGroup;
			children = (
				AD5F03DE1F94FD22002742B9 /* event.h */,
				AD5F03DF1F94FD22002742B9 /* simple_event.cpp */,
				AD5F03E01F94FD22002742B9 /* simple_event.h */,
			);
			name = event;
			path = src/event;
			sourceTree = "<group>";
		};
		266BFD921DB26E6600E0FA0F /* executor */ = {
			isa = PBXGroup;
			children = (
				AD5F03E41F94FDA3002742B9 /* executor.h */,
			);
			name = executor;
			path = src/executor;
			sourceTree = "<group>";
		};
		266BFDAB1DB26E6600E0FA0F /* plugin */ = {
			isa = PBXGroup;
			children = (
				AD5F03E61F94FDB4002742B9 /* config.cpp */,
				AD5F03E71F94FDB4002742B9 /* config.hpp */,
				AD5F03E81F94FDB4002742B9 /* plugin.cpp */,
				AD5F03E91F94FDB4002742B9 /* plugin.h */,
			);
			name = plugin;
			path = src/plugin;
			sourceTree = "<group>";
		};
		266BFDB81DB26E6600E0FA0F /* response */ = {
			isa = PBXGroup;
			children = (
				AD5F03EF1F94FDDD002742B9 /* response.h */,
				AD5F03F01F94FDDD002742B9 /* simple_response.cpp */,
				AD5F03F11F94FDDD002742B9 /* simple_response.h */,
			);
			name = response;
			path = src/response;
			sourceTree = "<group>";
		};
		266BFDBE1DB26E6600E0FA0F /* task */ = {
			isa = PBXGroup;
			children = (
			);
			name = task;
			path = src/task;
			sourceTree = "<group>";
		};
		266BFDC91DB26E6600E0FA0F /* trigger */ = {
			isa = PBXGroup;
			children = (
				AD5F03FB1F94FDF8002742B9 /* trigger.h */,
			);
			name = trigger;
			path = src/trigger;
			sourceTree = "<group>";
		};
		266BFDCE1DB26E6600E0FA0F /* version */ = {
			isa = PBXGroup;
			children = (
				AD5F03FD1F94FE05002742B9 /* version.cpp */,
				AD5F03FE1F94FE05002742B9 /* version.h */,
			);
			name = version;
			path = src/version;
			sourceTree = "<group>";
		};
		AD7E2BC31F83D030002DAA7C /* manager */ = {
			isa = PBXGroup;
			children = (
				AD5F03D81F94FCE0002742B9 /* plugin_manager.cpp */,
				AD5F03D91F94FCE0002742B9 /* plugin_manager.hpp */,
				AD5F03DA1F94FCE0002742B9 /* plugin_thread.hpp */,
				ADC522CA1F97856800AAD2B9 /* function_manager.cpp */,
				ADC522CB1F97856800AAD2B9 /* function_manager.hpp */,
				ADC522CE1F978DAD00AAD2B9 /* dependence_manager.cpp */,
				ADC522CF1F978DAD00AAD2B9 /* dependence_manager.hpp */,
				AD265FF41F98E7EA0065E89C /* help_thread.hpp */,
			);
			name = manager;
			sourceTree = "<group>";
		};
/* End PBXGroup section */

/* Begin PBXHeadersBuildPhase section */
		266BFCE81DB26A3200E0FA0F /* Headers */ = {
			isa = PBXHeadersBuildPhase;
			buildActionMask = 2147483647;
			files = (
				AD5F03EB1F94FDB4002742B9 /* config.hpp in Headers */,
				AD5F04001F94FE05002742B9 /* version.h in Headers */,
				AD5F03ED1F94FDB4002742B9 /* plugin.h in Headers */,
				AD5F03F41F94FDDD002742B9 /* simple_response.h in Headers */,
				AD5F03E11F94FD22002742B9 /* event.h in Headers */,
				AD5F03DC1F94FCE0002742B9 /* plugin_manager.hpp in Headers */,
				ADC522CD1F97856800AAD2B9 /* function_manager.hpp in Headers */,
				AD5F03E51F94FDA3002742B9 /* executor.h in Headers */,
				AD5F03DD1F94FCE0002742B9 /* plugin_thread.hpp in Headers */,
				AD5F03E31F94FD22002742B9 /* simple_event.h in Headers */,
				AD5F03F21F94FDDD002742B9 /* response.h in Headers */,
				ADC522D11F978DAD00AAD2B9 /* dependence_manager.hpp in Headers */,
				AD5F03FC1F94FDF8002742B9 /* trigger.h in Headers */,
			);
			runOnlyForDeploymentPostprocessing = 0;
		};
/* End PBXHeadersBuildPhase section */

/* Begin PBXNativeTarget section */
		266BFCE91DB26A3200E0FA0F /* plugin */ = {
			isa = PBXNativeTarget;
			buildConfigurationList = 266BFCF51DB26A3200E0FA0F /* Build configuration list for PBXNativeTarget "plugin" */;
			buildPhases = (
				266BFCE61DB26A3200E0FA0F /* Sources */,
				266BFCE71DB26A3200E0FA0F /* Frameworks */,
				266BFCE81DB26A3200E0FA0F /* Headers */,
			);
			buildRules = (
			);
			dependencies = (
			);
			name = plugin;
			productName = plugin;
			productReference = 266BFCEA1DB26A3200E0FA0F /* libplugin.dylib */;
			productType = "com.apple.product-type.library.dynamic";
		};
/* End PBXNativeTarget section */

/* Begin PBXProject section */
		266BFCE21DB26A3200E0FA0F /* Project object */ = {
			isa = PBXProject;
			attributes = {
				LastUpgradeCheck = 0810;
				ORGANIZATIONNAME = "孔祥云";
				TargetAttributes = {
					266BFCE91DB26A3200E0FA0F = {
						CreatedOnToolsVersion = 8.0;
						DevelopmentTeam = V26S23V64D;
						ProvisioningStyle = Automatic;
					};
				};
			};
			buildConfigurationList = 266BFCE51DB26A3200E0FA0F /* Build configuration list for PBXProject "plugin" */;
			compatibilityVersion = "Xcode 3.2";
			developmentRegion = English;
			hasScannedForEncodings = 0;
			knownRegions = (
				en,
			);
			mainGroup = 266BFCE11DB26A3200E0FA0F;
			productRefGroup = 266BFCEB1DB26A3200E0FA0F /* Products */;
			projectDirPath = "";
			projectRoot = "";
			targets = (
				266BFCE91DB26A3200E0FA0F /* plugin */,
			);
		};
/* End PBXProject section */

/* Begin PBXSourcesBuildPhase section */
		266BFCE61DB26A3200E0FA0F /* Sources */ = {
			isa = PBXSourcesBuildPhase;
			buildActionMask = 2147483647;
			files = (
				ADC522D01F978DAD00AAD2B9 /* dependence_manager.cpp in Sources */,
				AD5F03E21F94FD22002742B9 /* simple_event.cpp in Sources */,
				AD5F03FF1F94FE05002742B9 /* version.cpp in Sources */,
				AD5F03F31F94FDDD002742B9 /* simple_response.cpp in Sources */,
				AD5F03DB1F94FCE0002742B9 /* plugin_manager.cpp in Sources */,
				ADC522CC1F97856800AAD2B9 /* function_manager.cpp in Sources */,
				AD5F03EC1F94FDB4002742B9 /* plugin.cpp in Sources */,
				AD5F03EA1F94FDB4002742B9 /* config.cpp in Sources */,
			);
			runOnlyForDeploymentPostprocessing = 0;
		};
/* End PBXSourcesBuildPhase section */

/* Begin XCBuildConfiguration section */
		266BFCF31DB26A3200E0FA0F /* Debug */ = {
			isa = XCBuildConfiguration;
			buildSettings = {
				ALWAYS_SEARCH_USER_PATHS = NO;
				CLANG_ANALYZER_NONNULL = YES;
				CLANG_CXX_LANGUAGE_STANDARD = "gnu++0x";
				CLANG_CXX_LIBRARY = "libc++";
				CLANG_ENABLE_MODULES = YES;
				CLANG_ENABLE_OBJC_ARC = YES;
				CLANG_WARN_BOOL_CONVERSION = YES;
				CLANG_WARN_CONSTANT_CONVERSION = YES;
				CLANG_WARN_DIRECT_OBJC_ISA_USAGE = YES_ERROR;
				CLANG_WARN_DOCUMENTATION_COMMENTS = YES;
				CLANG_WARN_EMPTY_BODY = YES;
				CLANG_WARN_ENUM_CONVERSION = YES;
				CLANG_WARN_INFINITE_RECURSION = YES;
				CLANG_WARN_INT_CONVERSION = YES;
				CLANG_WARN_OBJC_ROOT_CLASS = YES_ERROR;
				CLANG_WARN_SUSPICIOUS_MOVE = YES;
				CLANG_WARN_SUSPICIOUS_MOVES = YES;
				CLANG_WARN_UNREACHABLE_CODE = YES;
				CLANG_WARN__DUPLICATE_METHOD_MATCH = YES;
				CODE_SIGN_IDENTITY = "-";
				COPY_PHASE_STRIP = NO;
				DEBUG_INFORMATION_FORMAT = dwarf;
				ENABLE_STRICT_OBJC_MSGSEND = YES;
				ENABLE_TESTABILITY = YES;
				GCC_C_LANGUAGE_STANDARD = gnu99;
				GCC_DYNAMIC_NO_PIC = NO;
				GCC_NO_COMMON_BLOCKS = YES;
				GCC_OPTIMIZATION_LEVEL = 0;
				GCC_PREPROCESSOR_DEFINITIONS = (
					"DEBUG=1",
					"$(inherited)",
				);
				GCC_WARN_64_TO_32_BIT_CONVERSION = YES;
				GCC_WARN_ABOUT_RETURN_TYPE = YES_ERROR;
				GCC_WARN_UNDECLARED_SELECTOR = YES;
				GCC_WARN_UNINITIALIZED_AUTOS = YES_AGGRESSIVE;
				GCC_WARN_UNUSED_FUNCTION = YES;
				GCC_WARN_UNUSED_VARIABLE = YES;
				MACOSX_DEPLOYMENT_TARGET = 10.12;
				MTL_ENABLE_DEBUG_INFO = YES;
				ONLY_ACTIVE_ARCH = YES;
				SDKROOT = macosx;
			};
			name = Debug;
		};
		266BFCF41DB26A3200E0FA0F /* Release */ = {
			isa = XCBuildConfiguration;
			buildSettings = {
				ALWAYS_SEARCH_USER_PATHS = NO;
				CLANG_ANALYZER_NONNULL = YES;
				CLANG_CXX_LANGUAGE_STANDARD = "gnu++0x";
				CLANG_CXX_LIBRARY = "libc++";
				CLANG_ENABLE_MODULES = YES;
				CLANG_ENABLE_OBJC_ARC = YES;
				CLANG_WARN_BOOL_CONVERSION = YES;
				CLANG_WARN_CONSTANT_CONVERSION = YES;
				CLANG_WARN_DIRECT_OBJC_ISA_USAGE = YES_ERROR;
				CLANG_WARN_DOCUMENTATION_COMMENTS = YES;
				CLANG_WARN_EMPTY_BODY = YES;
				CLANG_WARN_ENUM_CONVERSION = YES;
				CLANG_WARN_INFINITE_RECURSION = YES;
				CLANG_WARN_INT_CONVERSION = YES;
				CLANG_WARN_OBJC_ROOT_CLASS = YES_ERROR;
				CLANG_WARN_SUSPICIOUS_MOVE = YES;
				CLANG_WARN_SUSPICIOUS_MOVES = YES;
				CLANG_WARN_UNREACHABLE_CODE = YES;
				CLANG_WARN__DUPLICATE_METHOD_MATCH = YES;
				CODE_SIGN_IDENTITY = "-";
				COPY_PHASE_STRIP = NO;
				DEBUG_INFORMATION_FORMAT = "dwarf-with-dsym";
				ENABLE_NS_ASSERTIONS = NO;
				ENABLE_STRICT_OBJC_MSGSEND = YES;
				GCC_C_LANGUAGE_STANDARD = gnu99;
				GCC_NO_COMMON_BLOCKS = YES;
				GCC_WARN_64_TO_32_BIT_CONVERSION = YES;
				GCC_WARN_ABOUT_RETURN_TYPE = YES_ERROR;
				GCC_WARN_UNDECLARED_SELECTOR = YES;
				GCC_WARN_UNINITIALIZED_AUTOS = YES_AGGRESSIVE;
				GCC_WARN_UNUSED_FUNCTION = YES;
				GCC_WARN_UNUSED_VARIABLE = YES;
				MACOSX_DEPLOYMENT_TARGET = 10.12;
				MTL_ENABLE_DEBUG_INFO = NO;
				SDKROOT = macosx;
			};
			name = Release;
		};
		266BFCF61DB26A3200E0FA0F /* Debug */ = {
			isa = XCBuildConfiguration;
			buildSettings = {
				CLANG_WARN_DOCUMENTATION_COMMENTS = YES;
				DEVELOPMENT_TEAM = V26S23V64D;
				DYLIB_COMPATIBILITY_VERSION = 1;
				DYLIB_CURRENT_VERSION = 1;
				EXECUTABLE_PREFIX = lib;
				GCC_ENABLE_CPP_EXCEPTIONS = YES;
				GCC_ENABLE_CPP_RTTI = NO;
				GCC_SYMBOLS_PRIVATE_EXTERN = NO;
				GCC_WARN_UNKNOWN_PRAGMAS = YES;
				HEADER_SEARCH_PATHS = (
					"$(SRCROOT)",
					"$(SRCROOT)/../lib",
					"$(SRCROOT)/../include",
				);
				OTHER_CFLAGS = "";
				OTHER_CPLUSPLUSFLAGS = "$(OTHER_CFLAGS)";
				PRODUCT_NAME = "$(TARGET_NAME)";
			};
			name = Debug;
		};
		266BFCF71DB26A3200E0FA0F /* Release */ = {
			isa = XCBuildConfiguration;
			buildSettings = {
				CLANG_WARN_DOCUMENTATION_COMMENTS = YES;
				DEVELOPMENT_TEAM = V26S23V64D;
				DYLIB_COMPATIBILITY_VERSION = 1;
				DYLIB_CURRENT_VERSION = 1;
				EXECUTABLE_PREFIX = lib;
				GCC_ENABLE_CPP_EXCEPTIONS = YES;
				GCC_ENABLE_CPP_RTTI = NO;
				GCC_SYMBOLS_PRIVATE_EXTERN = NO;
				GCC_WARN_UNKNOWN_PRAGMAS = YES;
				HEADER_SEARCH_PATHS = (
					"$(SRCROOT)",
					"$(SRCROOT)/../lib",
					"$(SRCROOT)/../include",
				);
				OTHER_CFLAGS = "";
				OTHER_CPLUSPLUSFLAGS = "$(OTHER_CFLAGS)";
				PRODUCT_NAME = "$(TARGET_NAME)";
			};
			name = Release;
		};
/* End XCBuildConfiguration section */

/* Begin XCConfigurationList section */
		266BFCE51DB26A3200E0FA0F /* Build configuration list for PBXProject "plugin" */ = {
			isa = XCConfigurationList;
			buildConfigurations = (
				266BFCF31DB26A3200E0FA0F /* Debug */,
				266BFCF41DB26A3200E0FA0F /* Release */,
			);
			defaultConfigurationIsVisible = 0;
			defaultConfigurationName = Release;
		};
		266BFCF51DB26A3200E0FA0F /* Build configuration list for PBXNativeTarget "plugin" */ = {
			isa = XCConfigurationList;
			buildConfigurations = (
				266BFCF61DB26A3200E0FA0F /* Debug */,
				266BFCF71DB26A3200E0FA0F /* Release */,
			);
			defaultConfigurationIsVisible = 0;
			defaultConfigurationName = Release;
		};
/* End XCConfigurationList section */
	};
	rootObject = 266BFCE21DB26A3200E0FA0F /* Project object */;
}
